
Microsoft Visual Studio Solution File, Format Version 12.00
# Visual Studio Version 16
VisualStudioVersion = 16.0.29409.12
MinimumVisualStudioVersion = 10.0.40219.1
Project("{FAE04EC0-301F-11D3-BF4B-00C04F79EFBC}") = "DgSystems.NFe.WPF", "NFe.WPF\DgSystems.NFe.WPF.csproj", "{D39ABFE9-3EA9-4A92-ADEE-E47F72FCD3A4}"
EndProject
Project("{FAE04EC0-301F-11D3-BF4B-00C04F79EFBC}") = "DgSystems.NFe.Core", "NFe.Core\DgSystems.NFe.Core.csproj", "{B844A95A-B767-4C52-9E5A-80081421CEC4}"
EndProject
Project("{FAE04EC0-301F-11D3-BF4B-00C04F79EFBC}") = "DgSystems.NFe.Core.UnitTests", "NFe.Core.UnitTests\DgSystems.NFe.Core.UnitTests.csproj", "{2E908496-5E78-411F-9AF0-3CCDBC4E90EA}"
EndProject
Project("{FAE04EC0-301F-11D3-BF4B-00C04F79EFBC}") = "DgSystems.NFe.Core.IntegrationTests", "NFe.Core.IntegrationTests\DgSystems.NFe.Core.IntegrationTests.csproj", "{678D86BD-E9EC-457D-949C-783AE63AAAB7}"
EndProject
Project("{FAE04EC0-301F-11D3-BF4B-00C04F79EFBC}") = "DgSystems.NFe.Views", "DgSystems.NFe.Views\DgSystems.NFe.Views.csproj", "{D3A99A34-F638-466D-8C8A-1E9048137975}"
EndProject
Project("{FAE04EC0-301F-11D3-BF4B-00C04F79EFBC}") = "DgSystems.NFe.ViewModels", "DgSystems.NFe.ViewModels\DgSystems.NFe.ViewModels.csproj", "{CC19C00F-F36B-4FBC-A34F-E3FF9955FBF5}"
EndProject
Project("{FAE04EC0-301F-11D3-BF4B-00C04F79EFBC}") = "DgSystems.NFe.Converters", "DgSystems.NFe.Converters\DgSystems.NFe.Converters.csproj", "{3321233F-9536-4EA7-A72B-562198AA30CF}"
EndProject
Project("{FAE04EC0-301F-11D3-BF4B-00C04F79EFBC}") = "DgSystems.NFe.Extensions", "DgSystems.NFe.Extensions\DgSystems.NFe.Extensions.csproj", "{4FC78899-460B-4AE0-98E5-E3997CF9A110}"
EndProject
Project("{FAE04EC0-301F-11D3-BF4B-00C04F79EFBC}") = "DgSystem.NFe.IoC", "DgSystem.NFe.IoC\DgSystem.NFe.IoC.csproj", "{0E848549-AC07-42CD-ACEF-3428CD5A0AC6}"
EndProject
Project("{9A19103F-16F7-4668-BE54-9A1E7A4F7556}") = "DgSystems.NFe.ViewModels.IntegrationTests", "DgSystems.NFe.ViewModels.IntegrationTests\DgSystems.NFe.ViewModels.IntegrationTests.csproj", "{172FFA0D-DC47-4C6B-B9E3-DD3566C57463}"
EndProject
Project("{FAE04EC0-301F-11D3-BF4B-00C04F79EFBC}") = "DgSystems.NFe.Sefaz", "DgSystems.NFe.Sefaz\DgSystems.NFe.Sefaz.csproj", "{BD2A822E-9504-47DB-B071-64743C1E412E}"
EndProject
Project("{FAE04EC0-301F-11D3-BF4B-00C04F79EFBC}") = "DgSystems.NFe.NotaFiscal.Services", "DgSystems.NFe.NotaFiscal.Services\DgSystems.NFe.NotaFiscal.Services.csproj", "{ECDF9D2B-0867-4DC3-A82F-00FA86D0ED10}"
EndProject
Global
	GlobalSection(SolutionConfigurationPlatforms) = preSolution
		64Bits|Any CPU = 64Bits|Any CPU
		64Bits|x64 = 64Bits|x64
		64Bits|x86 = 64Bits|x86
		CD_ROM|Any CPU = CD_ROM|Any CPU
		CD_ROM|x64 = CD_ROM|x64
		CD_ROM|x86 = CD_ROM|x86
		Debug|Any CPU = Debug|Any CPU
		Debug|x64 = Debug|x64
		Debug|x86 = Debug|x86
		DVD-5|Any CPU = DVD-5|Any CPU
		DVD-5|x64 = DVD-5|x64
		DVD-5|x86 = DVD-5|x86
		Release|Any CPU = Release|Any CPU
		Release|x64 = Release|x64
		Release|x86 = Release|x86
		SingleImage|Any CPU = SingleImage|Any CPU
		SingleImage|x64 = SingleImage|x64
		SingleImage|x86 = SingleImage|x86
	EndGlobalSection
	GlobalSection(ProjectConfigurationPlatforms) = postSolution
		{D39ABFE9-3EA9-4A92-ADEE-E47F72FCD3A4}.64Bits|Any CPU.ActiveCfg = 64Bits|Any CPU
		{D39ABFE9-3EA9-4A92-ADEE-E47F72FCD3A4}.64Bits|Any CPU.Build.0 = 64Bits|Any CPU
		{D39ABFE9-3EA9-4A92-ADEE-E47F72FCD3A4}.64Bits|x64.ActiveCfg = 64Bits|x64
		{D39ABFE9-3EA9-4A92-ADEE-E47F72FCD3A4}.64Bits|x64.Build.0 = 64Bits|x64
		{D39ABFE9-3EA9-4A92-ADEE-E47F72FCD3A4}.64Bits|x86.ActiveCfg = 64Bits|x86
		{D39ABFE9-3EA9-4A92-ADEE-E47F72FCD3A4}.64Bits|x86.Build.0 = 64Bits|x86
		{D39ABFE9-3EA9-4A92-ADEE-E47F72FCD3A4}.CD_ROM|Any CPU.ActiveCfg = Release|Any CPU
		{D39ABFE9-3EA9-4A92-ADEE-E47F72FCD3A4}.CD_ROM|Any CPU.Build.0 = Release|Any CPU
		{D39ABFE9-3EA9-4A92-ADEE-E47F72FCD3A4}.CD_ROM|x64.ActiveCfg = Release|x64
		{D39ABFE9-3EA9-4A92-ADEE-E47F72FCD3A4}.CD_ROM|x64.Build.0 = Release|x64
		{D39ABFE9-3EA9-4A92-ADEE-E47F72FCD3A4}.CD_ROM|x86.ActiveCfg = Release|x86
		{D39ABFE9-3EA9-4A92-ADEE-E47F72FCD3A4}.CD_ROM|x86.Build.0 = Release|x86
		{D39ABFE9-3EA9-4A92-ADEE-E47F72FCD3A4}.Debug|Any CPU.ActiveCfg = Debug|Any CPU
		{D39ABFE9-3EA9-4A92-ADEE-E47F72FCD3A4}.Debug|Any CPU.Build.0 = Debug|Any CPU
		{D39ABFE9-3EA9-4A92-ADEE-E47F72FCD3A4}.Debug|x64.ActiveCfg = Debug|x64
		{D39ABFE9-3EA9-4A92-ADEE-E47F72FCD3A4}.Debug|x64.Build.0 = Debug|x64
		{D39ABFE9-3EA9-4A92-ADEE-E47F72FCD3A4}.Debug|x86.ActiveCfg = Debug|x86
		{D39ABFE9-3EA9-4A92-ADEE-E47F72FCD3A4}.Debug|x86.Build.0 = Debug|x86
		{D39ABFE9-3EA9-4A92-ADEE-E47F72FCD3A4}.DVD-5|Any CPU.ActiveCfg = Debug|Any CPU
		{D39ABFE9-3EA9-4A92-ADEE-E47F72FCD3A4}.DVD-5|Any CPU.Build.0 = Debug|Any CPU
		{D39ABFE9-3EA9-4A92-ADEE-E47F72FCD3A4}.DVD-5|x64.ActiveCfg = Debug|x64
		{D39ABFE9-3EA9-4A92-ADEE-E47F72FCD3A4}.DVD-5|x64.Build.0 = Debug|x64
		{D39ABFE9-3EA9-4A92-ADEE-E47F72FCD3A4}.DVD-5|x86.ActiveCfg = Debug|x86
		{D39ABFE9-3EA9-4A92-ADEE-E47F72FCD3A4}.DVD-5|x86.Build.0 = Debug|x86
		{D39ABFE9-3EA9-4A92-ADEE-E47F72FCD3A4}.Release|Any CPU.ActiveCfg = Release|Any CPU
		{D39ABFE9-3EA9-4A92-ADEE-E47F72FCD3A4}.Release|Any CPU.Build.0 = Release|Any CPU
		{D39ABFE9-3EA9-4A92-ADEE-E47F72FCD3A4}.Release|x64.ActiveCfg = Release|x64
		{D39ABFE9-3EA9-4A92-ADEE-E47F72FCD3A4}.Release|x64.Build.0 = Release|x64
		{D39ABFE9-3EA9-4A92-ADEE-E47F72FCD3A4}.Release|x86.ActiveCfg = Release|x86
		{D39ABFE9-3EA9-4A92-ADEE-E47F72FCD3A4}.Release|x86.Build.0 = Release|x86
		{D39ABFE9-3EA9-4A92-ADEE-E47F72FCD3A4}.SingleImage|Any CPU.ActiveCfg = Release|Any CPU
		{D39ABFE9-3EA9-4A92-ADEE-E47F72FCD3A4}.SingleImage|Any CPU.Build.0 = Release|Any CPU
		{D39ABFE9-3EA9-4A92-ADEE-E47F72FCD3A4}.SingleImage|x64.ActiveCfg = Release|x64
		{D39ABFE9-3EA9-4A92-ADEE-E47F72FCD3A4}.SingleImage|x64.Build.0 = Release|x64
		{D39ABFE9-3EA9-4A92-ADEE-E47F72FCD3A4}.SingleImage|x86.ActiveCfg = Release|x86
		{D39ABFE9-3EA9-4A92-ADEE-E47F72FCD3A4}.SingleImage|x86.Build.0 = Release|x86
		{B844A95A-B767-4C52-9E5A-80081421CEC4}.64Bits|Any CPU.ActiveCfg = 64Bits|Any CPU
		{B844A95A-B767-4C52-9E5A-80081421CEC4}.64Bits|Any CPU.Build.0 = 64Bits|Any CPU
		{B844A95A-B767-4C52-9E5A-80081421CEC4}.64Bits|x64.ActiveCfg = 64Bits|x64
		{B844A95A-B767-4C52-9E5A-80081421CEC4}.64Bits|x64.Build.0 = 64Bits|x64
		{B844A95A-B767-4C52-9E5A-80081421CEC4}.64Bits|x86.ActiveCfg = 64Bits|x86
		{B844A95A-B767-4C52-9E5A-80081421CEC4}.64Bits|x86.Build.0 = 64Bits|x86
		{B844A95A-B767-4C52-9E5A-80081421CEC4}.CD_ROM|Any CPU.ActiveCfg = Release|Any CPU
		{B844A95A-B767-4C52-9E5A-80081421CEC4}.CD_ROM|Any CPU.Build.0 = Release|Any CPU
		{B844A95A-B767-4C52-9E5A-80081421CEC4}.CD_ROM|x64.ActiveCfg = Release|x64
		{B844A95A-B767-4C52-9E5A-80081421CEC4}.CD_ROM|x64.Build.0 = Release|x64
		{B844A95A-B767-4C52-9E5A-80081421CEC4}.CD_ROM|x86.ActiveCfg = Release|x86
		{B844A95A-B767-4C52-9E5A-80081421CEC4}.CD_ROM|x86.Build.0 = Release|x86
		{B844A95A-B767-4C52-9E5A-80081421CEC4}.Debug|Any CPU.ActiveCfg = Debug|Any CPU
		{B844A95A-B767-4C52-9E5A-80081421CEC4}.Debug|Any CPU.Build.0 = Debug|Any CPU
		{B844A95A-B767-4C52-9E5A-80081421CEC4}.Debug|x64.ActiveCfg = Debug|x64
		{B844A95A-B767-4C52-9E5A-80081421CEC4}.Debug|x64.Build.0 = Debug|x64
		{B844A95A-B767-4C52-9E5A-80081421CEC4}.Debug|x86.ActiveCfg = Debug|x86
		{B844A95A-B767-4C52-9E5A-80081421CEC4}.Debug|x86.Build.0 = Debug|x86
		{B844A95A-B767-4C52-9E5A-80081421CEC4}.DVD-5|Any CPU.ActiveCfg = Debug|Any CPU
		{B844A95A-B767-4C52-9E5A-80081421CEC4}.DVD-5|Any CPU.Build.0 = Debug|Any CPU
		{B844A95A-B767-4C52-9E5A-80081421CEC4}.DVD-5|x64.ActiveCfg = Debug|x64
		{B844A95A-B767-4C52-9E5A-80081421CEC4}.DVD-5|x64.Build.0 = Debug|x64
		{B844A95A-B767-4C52-9E5A-80081421CEC4}.DVD-5|x86.ActiveCfg = Debug|x86
		{B844A95A-B767-4C52-9E5A-80081421CEC4}.DVD-5|x86.Build.0 = Debug|x86
		{B844A95A-B767-4C52-9E5A-80081421CEC4}.Release|Any CPU.ActiveCfg = Release|Any CPU
		{B844A95A-B767-4C52-9E5A-80081421CEC4}.Release|Any CPU.Build.0 = Release|Any CPU
		{B844A95A-B767-4C52-9E5A-80081421CEC4}.Release|x64.ActiveCfg = Release|x64
		{B844A95A-B767-4C52-9E5A-80081421CEC4}.Release|x64.Build.0 = Release|x64
		{B844A95A-B767-4C52-9E5A-80081421CEC4}.Release|x86.ActiveCfg = Release|x86
		{B844A95A-B767-4C52-9E5A-80081421CEC4}.Release|x86.Build.0 = Release|x86
		{B844A95A-B767-4C52-9E5A-80081421CEC4}.SingleImage|Any CPU.ActiveCfg = Release|Any CPU
		{B844A95A-B767-4C52-9E5A-80081421CEC4}.SingleImage|Any CPU.Build.0 = Release|Any CPU
		{B844A95A-B767-4C52-9E5A-80081421CEC4}.SingleImage|x64.ActiveCfg = Release|x64
		{B844A95A-B767-4C52-9E5A-80081421CEC4}.SingleImage|x64.Build.0 = Release|x64
		{B844A95A-B767-4C52-9E5A-80081421CEC4}.SingleImage|x86.ActiveCfg = Release|x86
		{B844A95A-B767-4C52-9E5A-80081421CEC4}.SingleImage|x86.Build.0 = Release|x86
		{2E908496-5E78-411F-9AF0-3CCDBC4E90EA}.64Bits|Any CPU.ActiveCfg = Release|Any CPU
		{2E908496-5E78-411F-9AF0-3CCDBC4E90EA}.64Bits|Any CPU.Build.0 = Release|Any CPU
		{2E908496-5E78-411F-9AF0-3CCDBC4E90EA}.64Bits|x64.ActiveCfg = Release|Any CPU
		{2E908496-5E78-411F-9AF0-3CCDBC4E90EA}.64Bits|x64.Build.0 = Release|Any CPU
		{2E908496-5E78-411F-9AF0-3CCDBC4E90EA}.64Bits|x86.ActiveCfg = Release|Any CPU
		{2E908496-5E78-411F-9AF0-3CCDBC4E90EA}.64Bits|x86.Build.0 = Release|Any CPU
		{2E908496-5E78-411F-9AF0-3CCDBC4E90EA}.CD_ROM|Any CPU.ActiveCfg = Release|Any CPU
		{2E908496-5E78-411F-9AF0-3CCDBC4E90EA}.CD_ROM|Any CPU.Build.0 = Release|Any CPU
		{2E908496-5E78-411F-9AF0-3CCDBC4E90EA}.CD_ROM|x64.ActiveCfg = Release|Any CPU
		{2E908496-5E78-411F-9AF0-3CCDBC4E90EA}.CD_ROM|x64.Build.0 = Release|Any CPU
		{2E908496-5E78-411F-9AF0-3CCDBC4E90EA}.CD_ROM|x86.ActiveCfg = Release|Any CPU
		{2E908496-5E78-411F-9AF0-3CCDBC4E90EA}.CD_ROM|x86.Build.0 = Release|Any CPU
		{2E908496-5E78-411F-9AF0-3CCDBC4E90EA}.Debug|Any CPU.ActiveCfg = Debug|Any CPU
		{2E908496-5E78-411F-9AF0-3CCDBC4E90EA}.Debug|Any CPU.Build.0 = Debug|Any CPU
		{2E908496-5E78-411F-9AF0-3CCDBC4E90EA}.Debug|x64.ActiveCfg = Debug|Any CPU
		{2E908496-5E78-411F-9AF0-3CCDBC4E90EA}.Debug|x64.Build.0 = Debug|Any CPU
		{2E908496-5E78-411F-9AF0-3CCDBC4E90EA}.Debug|x86.ActiveCfg = Debug|Any CPU
		{2E908496-5E78-411F-9AF0-3CCDBC4E90EA}.Debug|x86.Build.0 = Debug|Any CPU
		{2E908496-5E78-411F-9AF0-3CCDBC4E90EA}.DVD-5|Any CPU.ActiveCfg = Debug|Any CPU
		{2E908496-5E78-411F-9AF0-3CCDBC4E90EA}.DVD-5|Any CPU.Build.0 = Debug|Any CPU
		{2E908496-5E78-411F-9AF0-3CCDBC4E90EA}.DVD-5|x64.ActiveCfg = Debug|Any CPU
		{2E908496-5E78-411F-9AF0-3CCDBC4E90EA}.DVD-5|x64.Build.0 = Debug|Any CPU
		{2E908496-5E78-411F-9AF0-3CCDBC4E90EA}.DVD-5|x86.ActiveCfg = Debug|Any CPU
		{2E908496-5E78-411F-9AF0-3CCDBC4E90EA}.DVD-5|x86.Build.0 = Debug|Any CPU
		{2E908496-5E78-411F-9AF0-3CCDBC4E90EA}.Release|Any CPU.ActiveCfg = Release|Any CPU
		{2E908496-5E78-411F-9AF0-3CCDBC4E90EA}.Release|Any CPU.Build.0 = Release|Any CPU
		{2E908496-5E78-411F-9AF0-3CCDBC4E90EA}.Release|x64.ActiveCfg = Release|Any CPU
		{2E908496-5E78-411F-9AF0-3CCDBC4E90EA}.Release|x64.Build.0 = Release|Any CPU
		{2E908496-5E78-411F-9AF0-3CCDBC4E90EA}.Release|x86.ActiveCfg = Release|Any CPU
		{2E908496-5E78-411F-9AF0-3CCDBC4E90EA}.Release|x86.Build.0 = Release|Any CPU
		{2E908496-5E78-411F-9AF0-3CCDBC4E90EA}.SingleImage|Any CPU.ActiveCfg = Release|Any CPU
		{2E908496-5E78-411F-9AF0-3CCDBC4E90EA}.SingleImage|Any CPU.Build.0 = Release|Any CPU
		{2E908496-5E78-411F-9AF0-3CCDBC4E90EA}.SingleImage|x64.ActiveCfg = Release|Any CPU
		{2E908496-5E78-411F-9AF0-3CCDBC4E90EA}.SingleImage|x64.Build.0 = Release|Any CPU
		{2E908496-5E78-411F-9AF0-3CCDBC4E90EA}.SingleImage|x86.ActiveCfg = Release|Any CPU
		{2E908496-5E78-411F-9AF0-3CCDBC4E90EA}.SingleImage|x86.Build.0 = Release|Any CPU
		{678D86BD-E9EC-457D-949C-783AE63AAAB7}.64Bits|Any CPU.ActiveCfg = Release|Any CPU
		{678D86BD-E9EC-457D-949C-783AE63AAAB7}.64Bits|Any CPU.Build.0 = Release|Any CPU
		{678D86BD-E9EC-457D-949C-783AE63AAAB7}.64Bits|x64.ActiveCfg = Release|Any CPU
		{678D86BD-E9EC-457D-949C-783AE63AAAB7}.64Bits|x64.Build.0 = Release|Any CPU
		{678D86BD-E9EC-457D-949C-783AE63AAAB7}.64Bits|x86.ActiveCfg = Release|Any CPU
		{678D86BD-E9EC-457D-949C-783AE63AAAB7}.64Bits|x86.Build.0 = Release|Any CPU
		{678D86BD-E9EC-457D-949C-783AE63AAAB7}.CD_ROM|Any CPU.ActiveCfg = Release|Any CPU
		{678D86BD-E9EC-457D-949C-783AE63AAAB7}.CD_ROM|Any CPU.Build.0 = Release|Any CPU
		{678D86BD-E9EC-457D-949C-783AE63AAAB7}.CD_ROM|x64.ActiveCfg = Release|Any CPU
		{678D86BD-E9EC-457D-949C-783AE63AAAB7}.CD_ROM|x64.Build.0 = Release|Any CPU
		{678D86BD-E9EC-457D-949C-783AE63AAAB7}.CD_ROM|x86.ActiveCfg = Release|Any CPU
		{678D86BD-E9EC-457D-949C-783AE63AAAB7}.CD_ROM|x86.Build.0 = Release|Any CPU
		{678D86BD-E9EC-457D-949C-783AE63AAAB7}.Debug|Any CPU.ActiveCfg = Debug|Any CPU
		{678D86BD-E9EC-457D-949C-783AE63AAAB7}.Debug|Any CPU.Build.0 = Debug|Any CPU
		{678D86BD-E9EC-457D-949C-783AE63AAAB7}.Debug|x64.ActiveCfg = Debug|Any CPU
		{678D86BD-E9EC-457D-949C-783AE63AAAB7}.Debug|x64.Build.0 = Debug|Any CPU
		{678D86BD-E9EC-457D-949C-783AE63AAAB7}.Debug|x86.ActiveCfg = Debug|Any CPU
		{678D86BD-E9EC-457D-949C-783AE63AAAB7}.Debug|x86.Build.0 = Debug|Any CPU
		{678D86BD-E9EC-457D-949C-783AE63AAAB7}.DVD-5|Any CPU.ActiveCfg = Debug|Any CPU
		{678D86BD-E9EC-457D-949C-783AE63AAAB7}.DVD-5|Any CPU.Build.0 = Debug|Any CPU
		{678D86BD-E9EC-457D-949C-783AE63AAAB7}.DVD-5|x64.ActiveCfg = Debug|Any CPU
		{678D86BD-E9EC-457D-949C-783AE63AAAB7}.DVD-5|x64.Build.0 = Debug|Any CPU
		{678D86BD-E9EC-457D-949C-783AE63AAAB7}.DVD-5|x86.ActiveCfg = Debug|Any CPU
		{678D86BD-E9EC-457D-949C-783AE63AAAB7}.DVD-5|x86.Build.0 = Debug|Any CPU
		{678D86BD-E9EC-457D-949C-783AE63AAAB7}.Release|Any CPU.ActiveCfg = Release|Any CPU
		{678D86BD-E9EC-457D-949C-783AE63AAAB7}.Release|Any CPU.Build.0 = Release|Any CPU
		{678D86BD-E9EC-457D-949C-783AE63AAAB7}.Release|x64.ActiveCfg = Release|Any CPU
		{678D86BD-E9EC-457D-949C-783AE63AAAB7}.Release|x64.Build.0 = Release|Any CPU
		{678D86BD-E9EC-457D-949C-783AE63AAAB7}.Release|x86.ActiveCfg = Release|Any CPU
		{678D86BD-E9EC-457D-949C-783AE63AAAB7}.Release|x86.Build.0 = Release|Any CPU
		{678D86BD-E9EC-457D-949C-783AE63AAAB7}.SingleImage|Any CPU.ActiveCfg = Release|Any CPU
		{678D86BD-E9EC-457D-949C-783AE63AAAB7}.SingleImage|Any CPU.Build.0 = Release|Any CPU
		{678D86BD-E9EC-457D-949C-783AE63AAAB7}.SingleImage|x64.ActiveCfg = Release|Any CPU
		{678D86BD-E9EC-457D-949C-783AE63AAAB7}.SingleImage|x64.Build.0 = Release|Any CPU
		{678D86BD-E9EC-457D-949C-783AE63AAAB7}.SingleImage|x86.ActiveCfg = Release|Any CPU
		{678D86BD-E9EC-457D-949C-783AE63AAAB7}.SingleImage|x86.Build.0 = Release|Any CPU
		{D3A99A34-F638-466D-8C8A-1E9048137975}.64Bits|Any CPU.ActiveCfg = Release|Any CPU
		{D3A99A34-F638-466D-8C8A-1E9048137975}.64Bits|Any CPU.Build.0 = Release|Any CPU
		{D3A99A34-F638-466D-8C8A-1E9048137975}.64Bits|x64.ActiveCfg = Release|Any CPU
		{D3A99A34-F638-466D-8C8A-1E9048137975}.64Bits|x64.Build.0 = Release|Any CPU
		{D3A99A34-F638-466D-8C8A-1E9048137975}.64Bits|x86.ActiveCfg = Release|Any CPU
		{D3A99A34-F638-466D-8C8A-1E9048137975}.64Bits|x86.Build.0 = Release|Any CPU
		{D3A99A34-F638-466D-8C8A-1E9048137975}.CD_ROM|Any CPU.ActiveCfg = Release|Any CPU
		{D3A99A34-F638-466D-8C8A-1E9048137975}.CD_ROM|Any CPU.Build.0 = Release|Any CPU
		{D3A99A34-F638-466D-8C8A-1E9048137975}.CD_ROM|x64.ActiveCfg = Release|Any CPU
		{D3A99A34-F638-466D-8C8A-1E9048137975}.CD_ROM|x64.Build.0 = Release|Any CPU
		{D3A99A34-F638-466D-8C8A-1E9048137975}.CD_ROM|x86.ActiveCfg = Release|Any CPU
		{D3A99A34-F638-466D-8C8A-1E9048137975}.CD_ROM|x86.Build.0 = Release|Any CPU
		{D3A99A34-F638-466D-8C8A-1E9048137975}.Debug|Any CPU.ActiveCfg = Debug|Any CPU
		{D3A99A34-F638-466D-8C8A-1E9048137975}.Debug|Any CPU.Build.0 = Debug|Any CPU
		{D3A99A34-F638-466D-8C8A-1E9048137975}.Debug|x64.ActiveCfg = Debug|Any CPU
		{D3A99A34-F638-466D-8C8A-1E9048137975}.Debug|x64.Build.0 = Debug|Any CPU
		{D3A99A34-F638-466D-8C8A-1E9048137975}.Debug|x86.ActiveCfg = Debug|Any CPU
		{D3A99A34-F638-466D-8C8A-1E9048137975}.Debug|x86.Build.0 = Debug|Any CPU
		{D3A99A34-F638-466D-8C8A-1E9048137975}.DVD-5|Any CPU.ActiveCfg = Debug|Any CPU
		{D3A99A34-F638-466D-8C8A-1E9048137975}.DVD-5|Any CPU.Build.0 = Debug|Any CPU
		{D3A99A34-F638-466D-8C8A-1E9048137975}.DVD-5|x64.ActiveCfg = Debug|Any CPU
		{D3A99A34-F638-466D-8C8A-1E9048137975}.DVD-5|x64.Build.0 = Debug|Any CPU
		{D3A99A34-F638-466D-8C8A-1E9048137975}.DVD-5|x86.ActiveCfg = Debug|Any CPU
		{D3A99A34-F638-466D-8C8A-1E9048137975}.DVD-5|x86.Build.0 = Debug|Any CPU
		{D3A99A34-F638-466D-8C8A-1E9048137975}.Release|Any CPU.ActiveCfg = Release|Any CPU
		{D3A99A34-F638-466D-8C8A-1E9048137975}.Release|Any CPU.Build.0 = Release|Any CPU
		{D3A99A34-F638-466D-8C8A-1E9048137975}.Release|x64.ActiveCfg = Release|Any CPU
		{D3A99A34-F638-466D-8C8A-1E9048137975}.Release|x64.Build.0 = Release|Any CPU
		{D3A99A34-F638-466D-8C8A-1E9048137975}.Release|x86.ActiveCfg = Release|Any CPU
		{D3A99A34-F638-466D-8C8A-1E9048137975}.Release|x86.Build.0 = Release|Any CPU
		{D3A99A34-F638-466D-8C8A-1E9048137975}.SingleImage|Any CPU.ActiveCfg = Release|Any CPU
		{D3A99A34-F638-466D-8C8A-1E9048137975}.SingleImage|Any CPU.Build.0 = Release|Any CPU
		{D3A99A34-F638-466D-8C8A-1E9048137975}.SingleImage|x64.ActiveCfg = Release|Any CPU
		{D3A99A34-F638-466D-8C8A-1E9048137975}.SingleImage|x64.Build.0 = Release|Any CPU
		{D3A99A34-F638-466D-8C8A-1E9048137975}.SingleImage|x86.ActiveCfg = Release|Any CPU
		{D3A99A34-F638-466D-8C8A-1E9048137975}.SingleImage|x86.Build.0 = Release|Any CPU
		{CC19C00F-F36B-4FBC-A34F-E3FF9955FBF5}.64Bits|Any CPU.ActiveCfg = Release|Any CPU
		{CC19C00F-F36B-4FBC-A34F-E3FF9955FBF5}.64Bits|Any CPU.Build.0 = Release|Any CPU
		{CC19C00F-F36B-4FBC-A34F-E3FF9955FBF5}.64Bits|x64.ActiveCfg = Release|Any CPU
		{CC19C00F-F36B-4FBC-A34F-E3FF9955FBF5}.64Bits|x64.Build.0 = Release|Any CPU
		{CC19C00F-F36B-4FBC-A34F-E3FF9955FBF5}.64Bits|x86.ActiveCfg = Release|Any CPU
		{CC19C00F-F36B-4FBC-A34F-E3FF9955FBF5}.64Bits|x86.Build.0 = Release|Any CPU
		{CC19C00F-F36B-4FBC-A34F-E3FF9955FBF5}.CD_ROM|Any CPU.ActiveCfg = Release|Any CPU
		{CC19C00F-F36B-4FBC-A34F-E3FF9955FBF5}.CD_ROM|Any CPU.Build.0 = Release|Any CPU
		{CC19C00F-F36B-4FBC-A34F-E3FF9955FBF5}.CD_ROM|x64.ActiveCfg = Release|Any CPU
		{CC19C00F-F36B-4FBC-A34F-E3FF9955FBF5}.CD_ROM|x64.Build.0 = Release|Any CPU
		{CC19C00F-F36B-4FBC-A34F-E3FF9955FBF5}.CD_ROM|x86.ActiveCfg = Release|Any CPU
		{CC19C00F-F36B-4FBC-A34F-E3FF9955FBF5}.CD_ROM|x86.Build.0 = Release|Any CPU
		{CC19C00F-F36B-4FBC-A34F-E3FF9955FBF5}.Debug|Any CPU.ActiveCfg = Debug|Any CPU
		{CC19C00F-F36B-4FBC-A34F-E3FF9955FBF5}.Debug|Any CPU.Build.0 = Debug|Any CPU
		{CC19C00F-F36B-4FBC-A34F-E3FF9955FBF5}.Debug|x64.ActiveCfg = Debug|Any CPU
		{CC19C00F-F36B-4FBC-A34F-E3FF9955FBF5}.Debug|x64.Build.0 = Debug|Any CPU
		{CC19C00F-F36B-4FBC-A34F-E3FF9955FBF5}.Debug|x86.ActiveCfg = Debug|Any CPU
		{CC19C00F-F36B-4FBC-A34F-E3FF9955FBF5}.Debug|x86.Build.0 = Debug|Any CPU
		{CC19C00F-F36B-4FBC-A34F-E3FF9955FBF5}.DVD-5|Any CPU.ActiveCfg = Debug|Any CPU
		{CC19C00F-F36B-4FBC-A34F-E3FF9955FBF5}.DVD-5|Any CPU.Build.0 = Debug|Any CPU
		{CC19C00F-F36B-4FBC-A34F-E3FF9955FBF5}.DVD-5|x64.ActiveCfg = Debug|Any CPU
		{CC19C00F-F36B-4FBC-A34F-E3FF9955FBF5}.DVD-5|x64.Build.0 = Debug|Any CPU
		{CC19C00F-F36B-4FBC-A34F-E3FF9955FBF5}.DVD-5|x86.ActiveCfg = Debug|Any CPU
		{CC19C00F-F36B-4FBC-A34F-E3FF9955FBF5}.DVD-5|x86.Build.0 = Debug|Any CPU
		{CC19C00F-F36B-4FBC-A34F-E3FF9955FBF5}.Release|Any CPU.ActiveCfg = Release|Any CPU
		{CC19C00F-F36B-4FBC-A34F-E3FF9955FBF5}.Release|Any CPU.Build.0 = Release|Any CPU
		{CC19C00F-F36B-4FBC-A34F-E3FF9955FBF5}.Release|x64.ActiveCfg = Release|Any CPU
		{CC19C00F-F36B-4FBC-A34F-E3FF9955FBF5}.Release|x64.Build.0 = Release|Any CPU
		{CC19C00F-F36B-4FBC-A34F-E3FF9955FBF5}.Release|x86.ActiveCfg = Release|Any CPU
		{CC19C00F-F36B-4FBC-A34F-E3FF9955FBF5}.Release|x86.Build.0 = Release|Any CPU
		{CC19C00F-F36B-4FBC-A34F-E3FF9955FBF5}.SingleImage|Any CPU.ActiveCfg = Release|Any CPU
		{CC19C00F-F36B-4FBC-A34F-E3FF9955FBF5}.SingleImage|Any CPU.Build.0 = Release|Any CPU
		{CC19C00F-F36B-4FBC-A34F-E3FF9955FBF5}.SingleImage|x64.ActiveCfg = Release|Any CPU
		{CC19C00F-F36B-4FBC-A34F-E3FF9955FBF5}.SingleImage|x64.Build.0 = Release|Any CPU
		{CC19C00F-F36B-4FBC-A34F-E3FF9955FBF5}.SingleImage|x86.ActiveCfg = Release|Any CPU
		{CC19C00F-F36B-4FBC-A34F-E3FF9955FBF5}.SingleImage|x86.Build.0 = Release|Any CPU
		{3321233F-9536-4EA7-A72B-562198AA30CF}.64Bits|Any CPU.ActiveCfg = Release|Any CPU
		{3321233F-9536-4EA7-A72B-562198AA30CF}.64Bits|Any CPU.Build.0 = Release|Any CPU
		{3321233F-9536-4EA7-A72B-562198AA30CF}.64Bits|x64.ActiveCfg = Release|Any CPU
		{3321233F-9536-4EA7-A72B-562198AA30CF}.64Bits|x64.Build.0 = Release|Any CPU
		{3321233F-9536-4EA7-A72B-562198AA30CF}.64Bits|x86.ActiveCfg = Release|Any CPU
		{3321233F-9536-4EA7-A72B-562198AA30CF}.64Bits|x86.Build.0 = Release|Any CPU
		{3321233F-9536-4EA7-A72B-562198AA30CF}.CD_ROM|Any CPU.ActiveCfg = Release|Any CPU
		{3321233F-9536-4EA7-A72B-562198AA30CF}.CD_ROM|Any CPU.Build.0 = Release|Any CPU
		{3321233F-9536-4EA7-A72B-562198AA30CF}.CD_ROM|x64.ActiveCfg = Release|Any CPU
		{3321233F-9536-4EA7-A72B-562198AA30CF}.CD_ROM|x64.Build.0 = Release|Any CPU
		{3321233F-9536-4EA7-A72B-562198AA30CF}.CD_ROM|x86.ActiveCfg = Release|Any CPU
		{3321233F-9536-4EA7-A72B-562198AA30CF}.CD_ROM|x86.Build.0 = Release|Any CPU
		{3321233F-9536-4EA7-A72B-562198AA30CF}.Debug|Any CPU.ActiveCfg = Debug|Any CPU
		{3321233F-9536-4EA7-A72B-562198AA30CF}.Debug|Any CPU.Build.0 = Debug|Any CPU
		{3321233F-9536-4EA7-A72B-562198AA30CF}.Debug|x64.ActiveCfg = Debug|Any CPU
		{3321233F-9536-4EA7-A72B-562198AA30CF}.Debug|x64.Build.0 = Debug|Any CPU
		{3321233F-9536-4EA7-A72B-562198AA30CF}.Debug|x86.ActiveCfg = Debug|Any CPU
		{3321233F-9536-4EA7-A72B-562198AA30CF}.Debug|x86.Build.0 = Debug|Any CPU
		{3321233F-9536-4EA7-A72B-562198AA30CF}.DVD-5|Any CPU.ActiveCfg = Debug|Any CPU
		{3321233F-9536-4EA7-A72B-562198AA30CF}.DVD-5|Any CPU.Build.0 = Debug|Any CPU
		{3321233F-9536-4EA7-A72B-562198AA30CF}.DVD-5|x64.ActiveCfg = Debug|Any CPU
		{3321233F-9536-4EA7-A72B-562198AA30CF}.DVD-5|x64.Build.0 = Debug|Any CPU
		{3321233F-9536-4EA7-A72B-562198AA30CF}.DVD-5|x86.ActiveCfg = Debug|Any CPU
		{3321233F-9536-4EA7-A72B-562198AA30CF}.DVD-5|x86.Build.0 = Debug|Any CPU
		{3321233F-9536-4EA7-A72B-562198AA30CF}.Release|Any CPU.ActiveCfg = Release|Any CPU
		{3321233F-9536-4EA7-A72B-562198AA30CF}.Release|Any CPU.Build.0 = Release|Any CPU
		{3321233F-9536-4EA7-A72B-562198AA30CF}.Release|x64.ActiveCfg = Release|Any CPU
		{3321233F-9536-4EA7-A72B-562198AA30CF}.Release|x64.Build.0 = Release|Any CPU
		{3321233F-9536-4EA7-A72B-562198AA30CF}.Release|x86.ActiveCfg = Release|Any CPU
		{3321233F-9536-4EA7-A72B-562198AA30CF}.Release|x86.Build.0 = Release|Any CPU
		{3321233F-9536-4EA7-A72B-562198AA30CF}.SingleImage|Any CPU.ActiveCfg = Release|Any CPU
		{3321233F-9536-4EA7-A72B-562198AA30CF}.SingleImage|Any CPU.Build.0 = Release|Any CPU
		{3321233F-9536-4EA7-A72B-562198AA30CF}.SingleImage|x64.ActiveCfg = Release|Any CPU
		{3321233F-9536-4EA7-A72B-562198AA30CF}.SingleImage|x64.Build.0 = Release|Any CPU
		{3321233F-9536-4EA7-A72B-562198AA30CF}.SingleImage|x86.ActiveCfg = Release|Any CPU
		{3321233F-9536-4EA7-A72B-562198AA30CF}.SingleImage|x86.Build.0 = Release|Any CPU
		{4FC78899-460B-4AE0-98E5-E3997CF9A110}.64Bits|Any CPU.ActiveCfg = Release|Any CPU
		{4FC78899-460B-4AE0-98E5-E3997CF9A110}.64Bits|Any CPU.Build.0 = Release|Any CPU
		{4FC78899-460B-4AE0-98E5-E3997CF9A110}.64Bits|x64.ActiveCfg = Release|Any CPU
		{4FC78899-460B-4AE0-98E5-E3997CF9A110}.64Bits|x64.Build.0 = Release|Any CPU
		{4FC78899-460B-4AE0-98E5-E3997CF9A110}.64Bits|x86.ActiveCfg = Release|Any CPU
		{4FC78899-460B-4AE0-98E5-E3997CF9A110}.64Bits|x86.Build.0 = Release|Any CPU
		{4FC78899-460B-4AE0-98E5-E3997CF9A110}.CD_ROM|Any CPU.ActiveCfg = Release|Any CPU
		{4FC78899-460B-4AE0-98E5-E3997CF9A110}.CD_ROM|Any CPU.Build.0 = Release|Any CPU
		{4FC78899-460B-4AE0-98E5-E3997CF9A110}.CD_ROM|x64.ActiveCfg = Release|Any CPU
		{4FC78899-460B-4AE0-98E5-E3997CF9A110}.CD_ROM|x64.Build.0 = Release|Any CPU
		{4FC78899-460B-4AE0-98E5-E3997CF9A110}.CD_ROM|x86.ActiveCfg = Release|Any CPU
		{4FC78899-460B-4AE0-98E5-E3997CF9A110}.CD_ROM|x86.Build.0 = Release|Any CPU
		{4FC78899-460B-4AE0-98E5-E3997CF9A110}.Debug|Any CPU.ActiveCfg = Debug|Any CPU
		{4FC78899-460B-4AE0-98E5-E3997CF9A110}.Debug|Any CPU.Build.0 = Debug|Any CPU
		{4FC78899-460B-4AE0-98E5-E3997CF9A110}.Debug|x64.ActiveCfg = Debug|Any CPU
		{4FC78899-460B-4AE0-98E5-E3997CF9A110}.Debug|x64.Build.0 = Debug|Any CPU
		{4FC78899-460B-4AE0-98E5-E3997CF9A110}.Debug|x86.ActiveCfg = Debug|Any CPU
		{4FC78899-460B-4AE0-98E5-E3997CF9A110}.Debug|x86.Build.0 = Debug|Any CPU
		{4FC78899-460B-4AE0-98E5-E3997CF9A110}.DVD-5|Any CPU.ActiveCfg = Debug|Any CPU
		{4FC78899-460B-4AE0-98E5-E3997CF9A110}.DVD-5|Any CPU.Build.0 = Debug|Any CPU
		{4FC78899-460B-4AE0-98E5-E3997CF9A110}.DVD-5|x64.ActiveCfg = Debug|Any CPU
		{4FC78899-460B-4AE0-98E5-E3997CF9A110}.DVD-5|x64.Build.0 = Debug|Any CPU
		{4FC78899-460B-4AE0-98E5-E3997CF9A110}.DVD-5|x86.ActiveCfg = Debug|Any CPU
		{4FC78899-460B-4AE0-98E5-E3997CF9A110}.DVD-5|x86.Build.0 = Debug|Any CPU
		{4FC78899-460B-4AE0-98E5-E3997CF9A110}.Release|Any CPU.ActiveCfg = Release|Any CPU
		{4FC78899-460B-4AE0-98E5-E3997CF9A110}.Release|Any CPU.Build.0 = Release|Any CPU
		{4FC78899-460B-4AE0-98E5-E3997CF9A110}.Release|x64.ActiveCfg = Release|Any CPU
		{4FC78899-460B-4AE0-98E5-E3997CF9A110}.Release|x64.Build.0 = Release|Any CPU
		{4FC78899-460B-4AE0-98E5-E3997CF9A110}.Release|x86.ActiveCfg = Release|Any CPU
		{4FC78899-460B-4AE0-98E5-E3997CF9A110}.Release|x86.Build.0 = Release|Any CPU
		{4FC78899-460B-4AE0-98E5-E3997CF9A110}.SingleImage|Any CPU.ActiveCfg = Release|Any CPU
		{4FC78899-460B-4AE0-98E5-E3997CF9A110}.SingleImage|Any CPU.Build.0 = Release|Any CPU
		{4FC78899-460B-4AE0-98E5-E3997CF9A110}.SingleImage|x64.ActiveCfg = Release|Any CPU
		{4FC78899-460B-4AE0-98E5-E3997CF9A110}.SingleImage|x64.Build.0 = Release|Any CPU
		{4FC78899-460B-4AE0-98E5-E3997CF9A110}.SingleImage|x86.ActiveCfg = Release|Any CPU
		{4FC78899-460B-4AE0-98E5-E3997CF9A110}.SingleImage|x86.Build.0 = Release|Any CPU
		{0E848549-AC07-42CD-ACEF-3428CD5A0AC6}.64Bits|Any CPU.ActiveCfg = Release|Any CPU
		{0E848549-AC07-42CD-ACEF-3428CD5A0AC6}.64Bits|Any CPU.Build.0 = Release|Any CPU
		{0E848549-AC07-42CD-ACEF-3428CD5A0AC6}.64Bits|x64.ActiveCfg = Release|Any CPU
		{0E848549-AC07-42CD-ACEF-3428CD5A0AC6}.64Bits|x64.Build.0 = Release|Any CPU
		{0E848549-AC07-42CD-ACEF-3428CD5A0AC6}.64Bits|x86.ActiveCfg = Release|Any CPU
		{0E848549-AC07-42CD-ACEF-3428CD5A0AC6}.64Bits|x86.Build.0 = Release|Any CPU
		{0E848549-AC07-42CD-ACEF-3428CD5A0AC6}.CD_ROM|Any CPU.ActiveCfg = Release|Any CPU
		{0E848549-AC07-42CD-ACEF-3428CD5A0AC6}.CD_ROM|Any CPU.Build.0 = Release|Any CPU
		{0E848549-AC07-42CD-ACEF-3428CD5A0AC6}.CD_ROM|x64.ActiveCfg = Release|Any CPU
		{0E848549-AC07-42CD-ACEF-3428CD5A0AC6}.CD_ROM|x64.Build.0 = Release|Any CPU
		{0E848549-AC07-42CD-ACEF-3428CD5A0AC6}.CD_ROM|x86.ActiveCfg = Release|Any CPU
		{0E848549-AC07-42CD-ACEF-3428CD5A0AC6}.CD_ROM|x86.Build.0 = Release|Any CPU
		{0E848549-AC07-42CD-ACEF-3428CD5A0AC6}.Debug|Any CPU.ActiveCfg = Debug|Any CPU
		{0E848549-AC07-42CD-ACEF-3428CD5A0AC6}.Debug|Any CPU.Build.0 = Debug|Any CPU
		{0E848549-AC07-42CD-ACEF-3428CD5A0AC6}.Debug|x64.ActiveCfg = Debug|Any CPU
		{0E848549-AC07-42CD-ACEF-3428CD5A0AC6}.Debug|x64.Build.0 = Debug|Any CPU
		{0E848549-AC07-42CD-ACEF-3428CD5A0AC6}.Debug|x86.ActiveCfg = Debug|Any CPU
		{0E848549-AC07-42CD-ACEF-3428CD5A0AC6}.Debug|x86.Build.0 = Debug|Any CPU
		{0E848549-AC07-42CD-ACEF-3428CD5A0AC6}.DVD-5|Any CPU.ActiveCfg = Debug|Any CPU
		{0E848549-AC07-42CD-ACEF-3428CD5A0AC6}.DVD-5|Any CPU.Build.0 = Debug|Any CPU
		{0E848549-AC07-42CD-ACEF-3428CD5A0AC6}.DVD-5|x64.ActiveCfg = Debug|Any CPU
		{0E848549-AC07-42CD-ACEF-3428CD5A0AC6}.DVD-5|x64.Build.0 = Debug|Any CPU
		{0E848549-AC07-42CD-ACEF-3428CD5A0AC6}.DVD-5|x86.ActiveCfg = Debug|Any CPU
		{0E848549-AC07-42CD-ACEF-3428CD5A0AC6}.DVD-5|x86.Build.0 = Debug|Any CPU
		{0E848549-AC07-42CD-ACEF-3428CD5A0AC6}.Release|Any CPU.ActiveCfg = Release|Any CPU
		{0E848549-AC07-42CD-ACEF-3428CD5A0AC6}.Release|Any CPU.Build.0 = Release|Any CPU
		{0E848549-AC07-42CD-ACEF-3428CD5A0AC6}.Release|x64.ActiveCfg = Release|Any CPU
		{0E848549-AC07-42CD-ACEF-3428CD5A0AC6}.Release|x64.Build.0 = Release|Any CPU
		{0E848549-AC07-42CD-ACEF-3428CD5A0AC6}.Release|x86.ActiveCfg = Release|Any CPU
		{0E848549-AC07-42CD-ACEF-3428CD5A0AC6}.Release|x86.Build.0 = Release|Any CPU
		{0E848549-AC07-42CD-ACEF-3428CD5A0AC6}.SingleImage|Any CPU.ActiveCfg = Release|Any CPU
		{0E848549-AC07-42CD-ACEF-3428CD5A0AC6}.SingleImage|Any CPU.Build.0 = Release|Any CPU
		{0E848549-AC07-42CD-ACEF-3428CD5A0AC6}.SingleImage|x64.ActiveCfg = Release|Any CPU
		{0E848549-AC07-42CD-ACEF-3428CD5A0AC6}.SingleImage|x64.Build.0 = Release|Any CPU
		{0E848549-AC07-42CD-ACEF-3428CD5A0AC6}.SingleImage|x86.ActiveCfg = Release|Any CPU
		{0E848549-AC07-42CD-ACEF-3428CD5A0AC6}.SingleImage|x86.Build.0 = Release|Any CPU
		{172FFA0D-DC47-4C6B-B9E3-DD3566C57463}.64Bits|Any CPU.ActiveCfg = Debug|Any CPU
		{172FFA0D-DC47-4C6B-B9E3-DD3566C57463}.64Bits|Any CPU.Build.0 = Debug|Any CPU
		{172FFA0D-DC47-4C6B-B9E3-DD3566C57463}.64Bits|x64.ActiveCfg = Debug|Any CPU
		{172FFA0D-DC47-4C6B-B9E3-DD3566C57463}.64Bits|x64.Build.0 = Debug|Any CPU
		{172FFA0D-DC47-4C6B-B9E3-DD3566C57463}.64Bits|x86.ActiveCfg = Debug|Any CPU
		{172FFA0D-DC47-4C6B-B9E3-DD3566C57463}.64Bits|x86.Build.0 = Debug|Any CPU
		{172FFA0D-DC47-4C6B-B9E3-DD3566C57463}.CD_ROM|Any CPU.ActiveCfg = Debug|Any CPU
		{172FFA0D-DC47-4C6B-B9E3-DD3566C57463}.CD_ROM|Any CPU.Build.0 = Debug|Any CPU
		{172FFA0D-DC47-4C6B-B9E3-DD3566C57463}.CD_ROM|x64.ActiveCfg = Debug|Any CPU
		{172FFA0D-DC47-4C6B-B9E3-DD3566C57463}.CD_ROM|x64.Build.0 = Debug|Any CPU
		{172FFA0D-DC47-4C6B-B9E3-DD3566C57463}.CD_ROM|x86.ActiveCfg = Debug|Any CPU
		{172FFA0D-DC47-4C6B-B9E3-DD3566C57463}.CD_ROM|x86.Build.0 = Debug|Any CPU
		{172FFA0D-DC47-4C6B-B9E3-DD3566C57463}.Debug|Any CPU.ActiveCfg = Debug|Any CPU
		{172FFA0D-DC47-4C6B-B9E3-DD3566C57463}.Debug|Any CPU.Build.0 = Debug|Any CPU
		{172FFA0D-DC47-4C6B-B9E3-DD3566C57463}.Debug|x64.ActiveCfg = Debug|Any CPU
		{172FFA0D-DC47-4C6B-B9E3-DD3566C57463}.Debug|x64.Build.0 = Debug|Any CPU
		{172FFA0D-DC47-4C6B-B9E3-DD3566C57463}.Debug|x86.ActiveCfg = Debug|Any CPU
		{172FFA0D-DC47-4C6B-B9E3-DD3566C57463}.Debug|x86.Build.0 = Debug|Any CPU
		{172FFA0D-DC47-4C6B-B9E3-DD3566C57463}.DVD-5|Any CPU.ActiveCfg = Debug|Any CPU
		{172FFA0D-DC47-4C6B-B9E3-DD3566C57463}.DVD-5|Any CPU.Build.0 = Debug|Any CPU
		{172FFA0D-DC47-4C6B-B9E3-DD3566C57463}.DVD-5|x64.ActiveCfg = Debug|Any CPU
		{172FFA0D-DC47-4C6B-B9E3-DD3566C57463}.DVD-5|x64.Build.0 = Debug|Any CPU
		{172FFA0D-DC47-4C6B-B9E3-DD3566C57463}.DVD-5|x86.ActiveCfg = Debug|Any CPU
		{172FFA0D-DC47-4C6B-B9E3-DD3566C57463}.DVD-5|x86.Build.0 = Debug|Any CPU
		{172FFA0D-DC47-4C6B-B9E3-DD3566C57463}.Release|Any CPU.ActiveCfg = Release|Any CPU
		{172FFA0D-DC47-4C6B-B9E3-DD3566C57463}.Release|Any CPU.Build.0 = Release|Any CPU
		{172FFA0D-DC47-4C6B-B9E3-DD3566C57463}.Release|x64.ActiveCfg = Release|Any CPU
		{172FFA0D-DC47-4C6B-B9E3-DD3566C57463}.Release|x64.Build.0 = Release|Any CPU
		{172FFA0D-DC47-4C6B-B9E3-DD3566C57463}.Release|x86.ActiveCfg = Release|Any CPU
		{172FFA0D-DC47-4C6B-B9E3-DD3566C57463}.Release|x86.Build.0 = Release|Any CPU
		{172FFA0D-DC47-4C6B-B9E3-DD3566C57463}.SingleImage|Any CPU.ActiveCfg = Debug|Any CPU
		{172FFA0D-DC47-4C6B-B9E3-DD3566C57463}.SingleImage|Any CPU.Build.0 = Debug|Any CPU
		{172FFA0D-DC47-4C6B-B9E3-DD3566C57463}.SingleImage|x64.ActiveCfg = Debug|Any CPU
		{172FFA0D-DC47-4C6B-B9E3-DD3566C57463}.SingleImage|x64.Build.0 = Debug|Any CPU
		{172FFA0D-DC47-4C6B-B9E3-DD3566C57463}.SingleImage|x86.ActiveCfg = Debug|Any CPU
		{172FFA0D-DC47-4C6B-B9E3-DD3566C57463}.SingleImage|x86.Build.0 = Debug|Any CPU
		{BD2A822E-9504-47DB-B071-64743C1E412E}.64Bits|Any CPU.ActiveCfg = Debug|Any CPU
		{BD2A822E-9504-47DB-B071-64743C1E412E}.64Bits|Any CPU.Build.0 = Debug|Any CPU
		{BD2A822E-9504-47DB-B071-64743C1E412E}.64Bits|x64.ActiveCfg = Debug|Any CPU
		{BD2A822E-9504-47DB-B071-64743C1E412E}.64Bits|x64.Build.0 = Debug|Any CPU
		{BD2A822E-9504-47DB-B071-64743C1E412E}.64Bits|x86.ActiveCfg = Debug|Any CPU
		{BD2A822E-9504-47DB-B071-64743C1E412E}.64Bits|x86.Build.0 = Debug|Any CPU
		{BD2A822E-9504-47DB-B071-64743C1E412E}.CD_ROM|Any CPU.ActiveCfg = Debug|Any CPU
		{BD2A822E-9504-47DB-B071-64743C1E412E}.CD_ROM|Any CPU.Build.0 = Debug|Any CPU
		{BD2A822E-9504-47DB-B071-64743C1E412E}.CD_ROM|x64.ActiveCfg = Debug|Any CPU
		{BD2A822E-9504-47DB-B071-64743C1E412E}.CD_ROM|x64.Build.0 = Debug|Any CPU
		{BD2A822E-9504-47DB-B071-64743C1E412E}.CD_ROM|x86.ActiveCfg = Debug|Any CPU
		{BD2A822E-9504-47DB-B071-64743C1E412E}.CD_ROM|x86.Build.0 = Debug|Any CPU
		{BD2A822E-9504-47DB-B071-64743C1E412E}.Debug|Any CPU.ActiveCfg = Debug|Any CPU
		{BD2A822E-9504-47DB-B071-64743C1E412E}.Debug|Any CPU.Build.0 = Debug|Any CPU
		{BD2A822E-9504-47DB-B071-64743C1E412E}.Debug|x64.ActiveCfg = Debug|Any CPU
		{BD2A822E-9504-47DB-B071-64743C1E412E}.Debug|x64.Build.0 = Debug|Any CPU
		{BD2A822E-9504-47DB-B071-64743C1E412E}.Debug|x86.ActiveCfg = Debug|Any CPU
		{BD2A822E-9504-47DB-B071-64743C1E412E}.Debug|x86.Build.0 = Debug|Any CPU
		{BD2A822E-9504-47DB-B071-64743C1E412E}.DVD-5|Any CPU.ActiveCfg = Debug|Any CPU
		{BD2A822E-9504-47DB-B071-64743C1E412E}.DVD-5|Any CPU.Build.0 = Debug|Any CPU
		{BD2A822E-9504-47DB-B071-64743C1E412E}.DVD-5|x64.ActiveCfg = Debug|Any CPU
		{BD2A822E-9504-47DB-B071-64743C1E412E}.DVD-5|x64.Build.0 = Debug|Any CPU
		{BD2A822E-9504-47DB-B071-64743C1E412E}.DVD-5|x86.ActiveCfg = Debug|Any CPU
		{BD2A822E-9504-47DB-B071-64743C1E412E}.DVD-5|x86.Build.0 = Debug|Any CPU
		{BD2A822E-9504-47DB-B071-64743C1E412E}.Release|Any CPU.ActiveCfg = Release|Any CPU
		{BD2A822E-9504-47DB-B071-64743C1E412E}.Release|Any CPU.Build.0 = Release|Any CPU
		{BD2A822E-9504-47DB-B071-64743C1E412E}.Release|x64.ActiveCfg = Release|Any CPU
		{BD2A822E-9504-47DB-B071-64743C1E412E}.Release|x64.Build.0 = Release|Any CPU
		{BD2A822E-9504-47DB-B071-64743C1E412E}.Release|x86.ActiveCfg = Release|Any CPU
		{BD2A822E-9504-47DB-B071-64743C1E412E}.Release|x86.Build.0 = Release|Any CPU
		{BD2A822E-9504-47DB-B071-64743C1E412E}.SingleImage|Any CPU.ActiveCfg = Debug|Any CPU
		{BD2A822E-9504-47DB-B071-64743C1E412E}.SingleImage|Any CPU.Build.0 = Debug|Any CPU
		{BD2A822E-9504-47DB-B071-64743C1E412E}.SingleImage|x64.ActiveCfg = Debug|Any CPU
		{BD2A822E-9504-47DB-B071-64743C1E412E}.SingleImage|x64.Build.0 = Debug|Any CPU
		{BD2A822E-9504-47DB-B071-64743C1E412E}.SingleImage|x86.ActiveCfg = Debug|Any CPU
		{BD2A822E-9504-47DB-B071-64743C1E412E}.SingleImage|x86.Build.0 = Debug|Any CPU
		{ECDF9D2B-0867-4DC3-A82F-00FA86D0ED10}.64Bits|Any CPU.ActiveCfg = Debug|Any CPU
		{ECDF9D2B-0867-4DC3-A82F-00FA86D0ED10}.64Bits|Any CPU.Build.0 = Debug|Any CPU
		{ECDF9D2B-0867-4DC3-A82F-00FA86D0ED10}.64Bits|x64.ActiveCfg = Debug|Any CPU
		{ECDF9D2B-0867-4DC3-A82F-00FA86D0ED10}.64Bits|x64.Build.0 = Debug|Any CPU
		{ECDF9D2B-0867-4DC3-A82F-00FA86D0ED10}.64Bits|x86.ActiveCfg = Debug|Any CPU
		{ECDF9D2B-0867-4DC3-A82F-00FA86D0ED10}.64Bits|x86.Build.0 = Debug|Any CPU
		{ECDF9D2B-0867-4DC3-A82F-00FA86D0ED10}.CD_ROM|Any CPU.ActiveCfg = Debug|Any CPU
		{ECDF9D2B-0867-4DC3-A82F-00FA86D0ED10}.CD_ROM|Any CPU.Build.0 = Debug|Any CPU
		{ECDF9D2B-0867-4DC3-A82F-00FA86D0ED10}.CD_ROM|x64.ActiveCfg = Debug|Any CPU
		{ECDF9D2B-0867-4DC3-A82F-00FA86D0ED10}.CD_ROM|x64.Build.0 = Debug|Any CPU
		{ECDF9D2B-0867-4DC3-A82F-00FA86D0ED10}.CD_ROM|x86.ActiveCfg = Debug|Any CPU
		{ECDF9D2B-0867-4DC3-A82F-00FA86D0ED10}.CD_ROM|x86.Build.0 = Debug|Any CPU
		{ECDF9D2B-0867-4DC3-A82F-00FA86D0ED10}.Debug|Any CPU.ActiveCfg = Debug|Any CPU
		{ECDF9D2B-0867-4DC3-A82F-00FA86D0ED10}.Debug|Any CPU.Build.0 = Debug|Any CPU
		{ECDF9D2B-0867-4DC3-A82F-00FA86D0ED10}.Debug|x64.ActiveCfg = Debug|Any CPU
		{ECDF9D2B-0867-4DC3-A82F-00FA86D0ED10}.Debug|x64.Build.0 = Debug|Any CPU
		{ECDF9D2B-0867-4DC3-A82F-00FA86D0ED10}.Debug|x86.ActiveCfg = Debug|Any CPU
		{ECDF9D2B-0867-4DC3-A82F-00FA86D0ED10}.Debug|x86.Build.0 = Debug|Any CPU
		{ECDF9D2B-0867-4DC3-A82F-00FA86D0ED10}.DVD-5|Any CPU.ActiveCfg = Debug|Any CPU
		{ECDF9D2B-0867-4DC3-A82F-00FA86D0ED10}.DVD-5|Any CPU.Build.0 = Debug|Any CPU
		{ECDF9D2B-0867-4DC3-A82F-00FA86D0ED10}.DVD-5|x64.ActiveCfg = Debug|Any CPU
		{ECDF9D2B-0867-4DC3-A82F-00FA86D0ED10}.DVD-5|x64.Build.0 = Debug|Any CPU
		{ECDF9D2B-0867-4DC3-A82F-00FA86D0ED10}.DVD-5|x86.ActiveCfg = Debug|Any CPU
		{ECDF9D2B-0867-4DC3-A82F-00FA86D0ED10}.DVD-5|x86.Build.0 = Debug|Any CPU
		{ECDF9D2B-0867-4DC3-A82F-00FA86D0ED10}.Release|Any CPU.ActiveCfg = Release|Any CPU
		{ECDF9D2B-0867-4DC3-A82F-00FA86D0ED10}.Release|Any CPU.Build.0 = Release|Any CPU
		{ECDF9D2B-0867-4DC3-A82F-00FA86D0ED10}.Release|x64.ActiveCfg = Release|Any CPU
		{ECDF9D2B-0867-4DC3-A82F-00FA86D0ED10}.Release|x64.Build.0 = Release|Any CPU
		{ECDF9D2B-0867-4DC3-A82F-00FA86D0ED10}.Release|x86.ActiveCfg = Release|Any CPU
		{ECDF9D2B-0867-4DC3-A82F-00FA86D0ED10}.Release|x86.Build.0 = Release|Any CPU
		{ECDF9D2B-0867-4DC3-A82F-00FA86D0ED10}.SingleImage|Any CPU.ActiveCfg = Debug|Any CPU
		{ECDF9D2B-0867-4DC3-A82F-00FA86D0ED10}.SingleImage|Any CPU.Build.0 = Debug|Any CPU
		{ECDF9D2B-0867-4DC3-A82F-00FA86D0ED10}.SingleImage|x64.ActiveCfg = Debug|Any CPU
		{ECDF9D2B-0867-4DC3-A82F-00FA86D0ED10}.SingleImage|x64.Build.0 = Debug|Any CPU
		{ECDF9D2B-0867-4DC3-A82F-00FA86D0ED10}.SingleImage|x86.ActiveCfg = Debug|Any CPU
		{ECDF9D2B-0867-4DC3-A82F-00FA86D0ED10}.SingleImage|x86.Build.0 = Debug|Any CPU
	EndGlobalSection
	GlobalSection(SolutionProperties) = preSolution
		HideSolutionNode = FALSE
	EndGlobalSection
	GlobalSection(ExtensibilityGlobals) = postSolution
		SolutionGuid = {33443777-69C5-4FC5-A3CC-899C0DE33A2B}
	EndGlobalSection
EndGlobal
