
Microsoft Visual Studio Solution File, Format Version 12.00
# Visual Studio Version 16
VisualStudioVersion = 16.0.29409.12
MinimumVisualStudioVersion = 10.0.40219.1
Project("{FAE04EC0-301F-11D3-BF4B-00C04F79EFBC}") = "NFe.WPF", "NFe.WPF\NFe.WPF.csproj", "{D39ABFE9-3EA9-4A92-ADEE-E47F72FCD3A4}"
EndProject
Project("{FAE04EC0-301F-11D3-BF4B-00C04F79EFBC}") = "NFe.Repository", "NFe.Repository\NFe.Repository.csproj", "{AD90D327-1E32-4EAE-A2C5-067634B7A545}"
EndProject
Project("{FAE04EC0-301F-11D3-BF4B-00C04F79EFBC}") = "NFe.Core", "NFe.Core\NFe.Core.csproj", "{B844A95A-B767-4C52-9E5A-80081421CEC4}"
EndProject
Project("{FAE04EC0-301F-11D3-BF4B-00C04F79EFBC}") = "NFe.Core.UnitTests", "NFe.Core.UnitTests\NFe.Core.UnitTests.csproj", "{2E908496-5E78-411F-9AF0-3CCDBC4E90EA}"
EndProject
Project("{FAE04EC0-301F-11D3-BF4B-00C04F79EFBC}") = "NFe.Core.IntegrationTests", "NFe.Core.IntegrationTests\NFe.Core.IntegrationTests.csproj", "{678D86BD-E9EC-457D-949C-783AE63AAAB7}"
EndProject
Project("{FAE04EC0-301F-11D3-BF4B-00C04F79EFBC}") = "NFe.WPF.UnitTests", "NFe.WPF.UnitTests\NFe.WPF.UnitTests.csproj", "{DCDE4DD6-C495-408D-8951-5EA801AB48E9}"
EndProject
Project("{FAE04EC0-301F-11D3-BF4B-00C04F79EFBC}") = "NFe.WPF.IntegrationTests", "NFe.WPF.IntegrationTests\NFe.WPF.IntegrationTests.csproj", "{A46A0E77-1F6A-4F66-9183-6C2CC2CCC2BA}"
EndProject
Global
	GlobalSection(SolutionConfigurationPlatforms) = preSolution
		64Bits|Any CPU = 64Bits|Any CPU
		64Bits|x64 = 64Bits|x64
		64Bits|x86 = 64Bits|x86
		CD_ROM|Any CPU = CD_ROM|Any CPU
		CD_ROM|x64 = CD_ROM|x64
		CD_ROM|x86 = CD_ROM|x86
		Debug|Any CPU = Debug|Any CPU
		Debug|x64 = Debug|x64
		Debug|x86 = Debug|x86
		DVD-5|Any CPU = DVD-5|Any CPU
		DVD-5|x64 = DVD-5|x64
		DVD-5|x86 = DVD-5|x86
		Release|Any CPU = Release|Any CPU
		Release|x64 = Release|x64
		Release|x86 = Release|x86
		SingleImage|Any CPU = SingleImage|Any CPU
		SingleImage|x64 = SingleImage|x64
		SingleImage|x86 = SingleImage|x86
	EndGlobalSection
	GlobalSection(ProjectConfigurationPlatforms) = postSolution
		{D39ABFE9-3EA9-4A92-ADEE-E47F72FCD3A4}.64Bits|Any CPU.ActiveCfg = 64Bits|Any CPU
		{D39ABFE9-3EA9-4A92-ADEE-E47F72FCD3A4}.64Bits|Any CPU.Build.0 = 64Bits|Any CPU
		{D39ABFE9-3EA9-4A92-ADEE-E47F72FCD3A4}.64Bits|x64.ActiveCfg = 64Bits|x64
		{D39ABFE9-3EA9-4A92-ADEE-E47F72FCD3A4}.64Bits|x64.Build.0 = 64Bits|x64
		{D39ABFE9-3EA9-4A92-ADEE-E47F72FCD3A4}.64Bits|x86.ActiveCfg = 64Bits|x86
		{D39ABFE9-3EA9-4A92-ADEE-E47F72FCD3A4}.64Bits|x86.Build.0 = 64Bits|x86
		{D39ABFE9-3EA9-4A92-ADEE-E47F72FCD3A4}.CD_ROM|Any CPU.ActiveCfg = Release|Any CPU
		{D39ABFE9-3EA9-4A92-ADEE-E47F72FCD3A4}.CD_ROM|Any CPU.Build.0 = Release|Any CPU
		{D39ABFE9-3EA9-4A92-ADEE-E47F72FCD3A4}.CD_ROM|x64.ActiveCfg = Release|x64
		{D39ABFE9-3EA9-4A92-ADEE-E47F72FCD3A4}.CD_ROM|x64.Build.0 = Release|x64
		{D39ABFE9-3EA9-4A92-ADEE-E47F72FCD3A4}.CD_ROM|x86.ActiveCfg = Release|x86
		{D39ABFE9-3EA9-4A92-ADEE-E47F72FCD3A4}.CD_ROM|x86.Build.0 = Release|x86
		{D39ABFE9-3EA9-4A92-ADEE-E47F72FCD3A4}.Debug|Any CPU.ActiveCfg = Debug|Any CPU
		{D39ABFE9-3EA9-4A92-ADEE-E47F72FCD3A4}.Debug|Any CPU.Build.0 = Debug|Any CPU
		{D39ABFE9-3EA9-4A92-ADEE-E47F72FCD3A4}.Debug|x64.ActiveCfg = Debug|x64
		{D39ABFE9-3EA9-4A92-ADEE-E47F72FCD3A4}.Debug|x64.Build.0 = Debug|x64
		{D39ABFE9-3EA9-4A92-ADEE-E47F72FCD3A4}.Debug|x86.ActiveCfg = Debug|x86
		{D39ABFE9-3EA9-4A92-ADEE-E47F72FCD3A4}.Debug|x86.Build.0 = Debug|x86
		{D39ABFE9-3EA9-4A92-ADEE-E47F72FCD3A4}.DVD-5|Any CPU.ActiveCfg = Debug|Any CPU
		{D39ABFE9-3EA9-4A92-ADEE-E47F72FCD3A4}.DVD-5|Any CPU.Build.0 = Debug|Any CPU
		{D39ABFE9-3EA9-4A92-ADEE-E47F72FCD3A4}.DVD-5|x64.ActiveCfg = Debug|x64
		{D39ABFE9-3EA9-4A92-ADEE-E47F72FCD3A4}.DVD-5|x64.Build.0 = Debug|x64
		{D39ABFE9-3EA9-4A92-ADEE-E47F72FCD3A4}.DVD-5|x86.ActiveCfg = Debug|x86
		{D39ABFE9-3EA9-4A92-ADEE-E47F72FCD3A4}.DVD-5|x86.Build.0 = Debug|x86
		{D39ABFE9-3EA9-4A92-ADEE-E47F72FCD3A4}.Release|Any CPU.ActiveCfg = Release|Any CPU
		{D39ABFE9-3EA9-4A92-ADEE-E47F72FCD3A4}.Release|Any CPU.Build.0 = Release|Any CPU
		{D39ABFE9-3EA9-4A92-ADEE-E47F72FCD3A4}.Release|x64.ActiveCfg = Release|x64
		{D39ABFE9-3EA9-4A92-ADEE-E47F72FCD3A4}.Release|x64.Build.0 = Release|x64
		{D39ABFE9-3EA9-4A92-ADEE-E47F72FCD3A4}.Release|x86.ActiveCfg = Release|x86
		{D39ABFE9-3EA9-4A92-ADEE-E47F72FCD3A4}.Release|x86.Build.0 = Release|x86
		{D39ABFE9-3EA9-4A92-ADEE-E47F72FCD3A4}.SingleImage|Any CPU.ActiveCfg = Release|Any CPU
		{D39ABFE9-3EA9-4A92-ADEE-E47F72FCD3A4}.SingleImage|Any CPU.Build.0 = Release|Any CPU
		{D39ABFE9-3EA9-4A92-ADEE-E47F72FCD3A4}.SingleImage|x64.ActiveCfg = Release|x64
		{D39ABFE9-3EA9-4A92-ADEE-E47F72FCD3A4}.SingleImage|x64.Build.0 = Release|x64
		{D39ABFE9-3EA9-4A92-ADEE-E47F72FCD3A4}.SingleImage|x86.ActiveCfg = Release|x86
		{D39ABFE9-3EA9-4A92-ADEE-E47F72FCD3A4}.SingleImage|x86.Build.0 = Release|x86
		{AD90D327-1E32-4EAE-A2C5-067634B7A545}.64Bits|Any CPU.ActiveCfg = 64Bits|Any CPU
		{AD90D327-1E32-4EAE-A2C5-067634B7A545}.64Bits|Any CPU.Build.0 = 64Bits|Any CPU
		{AD90D327-1E32-4EAE-A2C5-067634B7A545}.64Bits|x64.ActiveCfg = 64Bits|x64
		{AD90D327-1E32-4EAE-A2C5-067634B7A545}.64Bits|x64.Build.0 = 64Bits|x64
		{AD90D327-1E32-4EAE-A2C5-067634B7A545}.64Bits|x86.ActiveCfg = 64Bits|x86
		{AD90D327-1E32-4EAE-A2C5-067634B7A545}.64Bits|x86.Build.0 = 64Bits|x86
		{AD90D327-1E32-4EAE-A2C5-067634B7A545}.CD_ROM|Any CPU.ActiveCfg = Release|Any CPU
		{AD90D327-1E32-4EAE-A2C5-067634B7A545}.CD_ROM|Any CPU.Build.0 = Release|Any CPU
		{AD90D327-1E32-4EAE-A2C5-067634B7A545}.CD_ROM|x64.ActiveCfg = Release|x64
		{AD90D327-1E32-4EAE-A2C5-067634B7A545}.CD_ROM|x64.Build.0 = Release|x64
		{AD90D327-1E32-4EAE-A2C5-067634B7A545}.CD_ROM|x86.ActiveCfg = Release|x86
		{AD90D327-1E32-4EAE-A2C5-067634B7A545}.CD_ROM|x86.Build.0 = Release|x86
		{AD90D327-1E32-4EAE-A2C5-067634B7A545}.Debug|Any CPU.ActiveCfg = Debug|Any CPU
		{AD90D327-1E32-4EAE-A2C5-067634B7A545}.Debug|Any CPU.Build.0 = Debug|Any CPU
		{AD90D327-1E32-4EAE-A2C5-067634B7A545}.Debug|x64.ActiveCfg = Debug|x64
		{AD90D327-1E32-4EAE-A2C5-067634B7A545}.Debug|x64.Build.0 = Debug|x64
		{AD90D327-1E32-4EAE-A2C5-067634B7A545}.Debug|x86.ActiveCfg = Debug|x86
		{AD90D327-1E32-4EAE-A2C5-067634B7A545}.Debug|x86.Build.0 = Debug|x86
		{AD90D327-1E32-4EAE-A2C5-067634B7A545}.DVD-5|Any CPU.ActiveCfg = Debug|Any CPU
		{AD90D327-1E32-4EAE-A2C5-067634B7A545}.DVD-5|Any CPU.Build.0 = Debug|Any CPU
		{AD90D327-1E32-4EAE-A2C5-067634B7A545}.DVD-5|x64.ActiveCfg = Debug|x64
		{AD90D327-1E32-4EAE-A2C5-067634B7A545}.DVD-5|x64.Build.0 = Debug|x64
		{AD90D327-1E32-4EAE-A2C5-067634B7A545}.DVD-5|x86.ActiveCfg = Debug|x86
		{AD90D327-1E32-4EAE-A2C5-067634B7A545}.DVD-5|x86.Build.0 = Debug|x86
		{AD90D327-1E32-4EAE-A2C5-067634B7A545}.Release|Any CPU.ActiveCfg = Release|Any CPU
		{AD90D327-1E32-4EAE-A2C5-067634B7A545}.Release|Any CPU.Build.0 = Release|Any CPU
		{AD90D327-1E32-4EAE-A2C5-067634B7A545}.Release|x64.ActiveCfg = Release|x64
		{AD90D327-1E32-4EAE-A2C5-067634B7A545}.Release|x64.Build.0 = Release|x64
		{AD90D327-1E32-4EAE-A2C5-067634B7A545}.Release|x86.ActiveCfg = Release|x86
		{AD90D327-1E32-4EAE-A2C5-067634B7A545}.Release|x86.Build.0 = Release|x86
		{AD90D327-1E32-4EAE-A2C5-067634B7A545}.SingleImage|Any CPU.ActiveCfg = Release|Any CPU
		{AD90D327-1E32-4EAE-A2C5-067634B7A545}.SingleImage|Any CPU.Build.0 = Release|Any CPU
		{AD90D327-1E32-4EAE-A2C5-067634B7A545}.SingleImage|x64.ActiveCfg = Release|x64
		{AD90D327-1E32-4EAE-A2C5-067634B7A545}.SingleImage|x64.Build.0 = Release|x64
		{AD90D327-1E32-4EAE-A2C5-067634B7A545}.SingleImage|x86.ActiveCfg = Release|x86
		{AD90D327-1E32-4EAE-A2C5-067634B7A545}.SingleImage|x86.Build.0 = Release|x86
		{B844A95A-B767-4C52-9E5A-80081421CEC4}.64Bits|Any CPU.ActiveCfg = 64Bits|Any CPU
		{B844A95A-B767-4C52-9E5A-80081421CEC4}.64Bits|Any CPU.Build.0 = 64Bits|Any CPU
		{B844A95A-B767-4C52-9E5A-80081421CEC4}.64Bits|x64.ActiveCfg = 64Bits|x64
		{B844A95A-B767-4C52-9E5A-80081421CEC4}.64Bits|x64.Build.0 = 64Bits|x64
		{B844A95A-B767-4C52-9E5A-80081421CEC4}.64Bits|x86.ActiveCfg = 64Bits|x86
		{B844A95A-B767-4C52-9E5A-80081421CEC4}.64Bits|x86.Build.0 = 64Bits|x86
		{B844A95A-B767-4C52-9E5A-80081421CEC4}.CD_ROM|Any CPU.ActiveCfg = Release|Any CPU
		{B844A95A-B767-4C52-9E5A-80081421CEC4}.CD_ROM|Any CPU.Build.0 = Release|Any CPU
		{B844A95A-B767-4C52-9E5A-80081421CEC4}.CD_ROM|x64.ActiveCfg = Release|x64
		{B844A95A-B767-4C52-9E5A-80081421CEC4}.CD_ROM|x64.Build.0 = Release|x64
		{B844A95A-B767-4C52-9E5A-80081421CEC4}.CD_ROM|x86.ActiveCfg = Release|x86
		{B844A95A-B767-4C52-9E5A-80081421CEC4}.CD_ROM|x86.Build.0 = Release|x86
		{B844A95A-B767-4C52-9E5A-80081421CEC4}.Debug|Any CPU.ActiveCfg = Debug|Any CPU
		{B844A95A-B767-4C52-9E5A-80081421CEC4}.Debug|Any CPU.Build.0 = Debug|Any CPU
		{B844A95A-B767-4C52-9E5A-80081421CEC4}.Debug|x64.ActiveCfg = Debug|x64
		{B844A95A-B767-4C52-9E5A-80081421CEC4}.Debug|x64.Build.0 = Debug|x64
		{B844A95A-B767-4C52-9E5A-80081421CEC4}.Debug|x86.ActiveCfg = Debug|x86
		{B844A95A-B767-4C52-9E5A-80081421CEC4}.Debug|x86.Build.0 = Debug|x86
		{B844A95A-B767-4C52-9E5A-80081421CEC4}.DVD-5|Any CPU.ActiveCfg = Debug|Any CPU
		{B844A95A-B767-4C52-9E5A-80081421CEC4}.DVD-5|Any CPU.Build.0 = Debug|Any CPU
		{B844A95A-B767-4C52-9E5A-80081421CEC4}.DVD-5|x64.ActiveCfg = Debug|x64
		{B844A95A-B767-4C52-9E5A-80081421CEC4}.DVD-5|x64.Build.0 = Debug|x64
		{B844A95A-B767-4C52-9E5A-80081421CEC4}.DVD-5|x86.ActiveCfg = Debug|x86
		{B844A95A-B767-4C52-9E5A-80081421CEC4}.DVD-5|x86.Build.0 = Debug|x86
		{B844A95A-B767-4C52-9E5A-80081421CEC4}.Release|Any CPU.ActiveCfg = Release|Any CPU
		{B844A95A-B767-4C52-9E5A-80081421CEC4}.Release|Any CPU.Build.0 = Release|Any CPU
		{B844A95A-B767-4C52-9E5A-80081421CEC4}.Release|x64.ActiveCfg = Release|x64
		{B844A95A-B767-4C52-9E5A-80081421CEC4}.Release|x64.Build.0 = Release|x64
		{B844A95A-B767-4C52-9E5A-80081421CEC4}.Release|x86.ActiveCfg = Release|x86
		{B844A95A-B767-4C52-9E5A-80081421CEC4}.Release|x86.Build.0 = Release|x86
		{B844A95A-B767-4C52-9E5A-80081421CEC4}.SingleImage|Any CPU.ActiveCfg = Release|Any CPU
		{B844A95A-B767-4C52-9E5A-80081421CEC4}.SingleImage|Any CPU.Build.0 = Release|Any CPU
		{B844A95A-B767-4C52-9E5A-80081421CEC4}.SingleImage|x64.ActiveCfg = Release|x64
		{B844A95A-B767-4C52-9E5A-80081421CEC4}.SingleImage|x64.Build.0 = Release|x64
		{B844A95A-B767-4C52-9E5A-80081421CEC4}.SingleImage|x86.ActiveCfg = Release|x86
		{B844A95A-B767-4C52-9E5A-80081421CEC4}.SingleImage|x86.Build.0 = Release|x86
		{2E908496-5E78-411F-9AF0-3CCDBC4E90EA}.64Bits|Any CPU.ActiveCfg = Release|Any CPU
		{2E908496-5E78-411F-9AF0-3CCDBC4E90EA}.64Bits|Any CPU.Build.0 = Release|Any CPU
		{2E908496-5E78-411F-9AF0-3CCDBC4E90EA}.64Bits|x64.ActiveCfg = Release|Any CPU
		{2E908496-5E78-411F-9AF0-3CCDBC4E90EA}.64Bits|x64.Build.0 = Release|Any CPU
		{2E908496-5E78-411F-9AF0-3CCDBC4E90EA}.64Bits|x86.ActiveCfg = Release|Any CPU
		{2E908496-5E78-411F-9AF0-3CCDBC4E90EA}.64Bits|x86.Build.0 = Release|Any CPU
		{2E908496-5E78-411F-9AF0-3CCDBC4E90EA}.CD_ROM|Any CPU.ActiveCfg = Release|Any CPU
		{2E908496-5E78-411F-9AF0-3CCDBC4E90EA}.CD_ROM|Any CPU.Build.0 = Release|Any CPU
		{2E908496-5E78-411F-9AF0-3CCDBC4E90EA}.CD_ROM|x64.ActiveCfg = Release|Any CPU
		{2E908496-5E78-411F-9AF0-3CCDBC4E90EA}.CD_ROM|x64.Build.0 = Release|Any CPU
		{2E908496-5E78-411F-9AF0-3CCDBC4E90EA}.CD_ROM|x86.ActiveCfg = Release|Any CPU
		{2E908496-5E78-411F-9AF0-3CCDBC4E90EA}.CD_ROM|x86.Build.0 = Release|Any CPU
		{2E908496-5E78-411F-9AF0-3CCDBC4E90EA}.Debug|Any CPU.ActiveCfg = Debug|Any CPU
		{2E908496-5E78-411F-9AF0-3CCDBC4E90EA}.Debug|Any CPU.Build.0 = Debug|Any CPU
		{2E908496-5E78-411F-9AF0-3CCDBC4E90EA}.Debug|x64.ActiveCfg = Debug|Any CPU
		{2E908496-5E78-411F-9AF0-3CCDBC4E90EA}.Debug|x64.Build.0 = Debug|Any CPU
		{2E908496-5E78-411F-9AF0-3CCDBC4E90EA}.Debug|x86.ActiveCfg = Debug|Any CPU
		{2E908496-5E78-411F-9AF0-3CCDBC4E90EA}.Debug|x86.Build.0 = Debug|Any CPU
		{2E908496-5E78-411F-9AF0-3CCDBC4E90EA}.DVD-5|Any CPU.ActiveCfg = Debug|Any CPU
		{2E908496-5E78-411F-9AF0-3CCDBC4E90EA}.DVD-5|Any CPU.Build.0 = Debug|Any CPU
		{2E908496-5E78-411F-9AF0-3CCDBC4E90EA}.DVD-5|x64.ActiveCfg = Debug|Any CPU
		{2E908496-5E78-411F-9AF0-3CCDBC4E90EA}.DVD-5|x64.Build.0 = Debug|Any CPU
		{2E908496-5E78-411F-9AF0-3CCDBC4E90EA}.DVD-5|x86.ActiveCfg = Debug|Any CPU
		{2E908496-5E78-411F-9AF0-3CCDBC4E90EA}.DVD-5|x86.Build.0 = Debug|Any CPU
		{2E908496-5E78-411F-9AF0-3CCDBC4E90EA}.Release|Any CPU.ActiveCfg = Release|Any CPU
		{2E908496-5E78-411F-9AF0-3CCDBC4E90EA}.Release|Any CPU.Build.0 = Release|Any CPU
		{2E908496-5E78-411F-9AF0-3CCDBC4E90EA}.Release|x64.ActiveCfg = Release|Any CPU
		{2E908496-5E78-411F-9AF0-3CCDBC4E90EA}.Release|x64.Build.0 = Release|Any CPU
		{2E908496-5E78-411F-9AF0-3CCDBC4E90EA}.Release|x86.ActiveCfg = Release|Any CPU
		{2E908496-5E78-411F-9AF0-3CCDBC4E90EA}.Release|x86.Build.0 = Release|Any CPU
		{2E908496-5E78-411F-9AF0-3CCDBC4E90EA}.SingleImage|Any CPU.ActiveCfg = Release|Any CPU
		{2E908496-5E78-411F-9AF0-3CCDBC4E90EA}.SingleImage|Any CPU.Build.0 = Release|Any CPU
		{2E908496-5E78-411F-9AF0-3CCDBC4E90EA}.SingleImage|x64.ActiveCfg = Release|Any CPU
		{2E908496-5E78-411F-9AF0-3CCDBC4E90EA}.SingleImage|x64.Build.0 = Release|Any CPU
		{2E908496-5E78-411F-9AF0-3CCDBC4E90EA}.SingleImage|x86.ActiveCfg = Release|Any CPU
		{2E908496-5E78-411F-9AF0-3CCDBC4E90EA}.SingleImage|x86.Build.0 = Release|Any CPU
		{678D86BD-E9EC-457D-949C-783AE63AAAB7}.64Bits|Any CPU.ActiveCfg = Release|Any CPU
		{678D86BD-E9EC-457D-949C-783AE63AAAB7}.64Bits|Any CPU.Build.0 = Release|Any CPU
		{678D86BD-E9EC-457D-949C-783AE63AAAB7}.64Bits|x64.ActiveCfg = Release|Any CPU
		{678D86BD-E9EC-457D-949C-783AE63AAAB7}.64Bits|x64.Build.0 = Release|Any CPU
		{678D86BD-E9EC-457D-949C-783AE63AAAB7}.64Bits|x86.ActiveCfg = Release|Any CPU
		{678D86BD-E9EC-457D-949C-783AE63AAAB7}.64Bits|x86.Build.0 = Release|Any CPU
		{678D86BD-E9EC-457D-949C-783AE63AAAB7}.CD_ROM|Any CPU.ActiveCfg = Release|Any CPU
		{678D86BD-E9EC-457D-949C-783AE63AAAB7}.CD_ROM|Any CPU.Build.0 = Release|Any CPU
		{678D86BD-E9EC-457D-949C-783AE63AAAB7}.CD_ROM|x64.ActiveCfg = Release|Any CPU
		{678D86BD-E9EC-457D-949C-783AE63AAAB7}.CD_ROM|x64.Build.0 = Release|Any CPU
		{678D86BD-E9EC-457D-949C-783AE63AAAB7}.CD_ROM|x86.ActiveCfg = Release|Any CPU
		{678D86BD-E9EC-457D-949C-783AE63AAAB7}.CD_ROM|x86.Build.0 = Release|Any CPU
		{678D86BD-E9EC-457D-949C-783AE63AAAB7}.Debug|Any CPU.ActiveCfg = Debug|Any CPU
		{678D86BD-E9EC-457D-949C-783AE63AAAB7}.Debug|Any CPU.Build.0 = Debug|Any CPU
		{678D86BD-E9EC-457D-949C-783AE63AAAB7}.Debug|x64.ActiveCfg = Debug|Any CPU
		{678D86BD-E9EC-457D-949C-783AE63AAAB7}.Debug|x64.Build.0 = Debug|Any CPU
		{678D86BD-E9EC-457D-949C-783AE63AAAB7}.Debug|x86.ActiveCfg = Debug|Any CPU
		{678D86BD-E9EC-457D-949C-783AE63AAAB7}.Debug|x86.Build.0 = Debug|Any CPU
		{678D86BD-E9EC-457D-949C-783AE63AAAB7}.DVD-5|Any CPU.ActiveCfg = Debug|Any CPU
		{678D86BD-E9EC-457D-949C-783AE63AAAB7}.DVD-5|Any CPU.Build.0 = Debug|Any CPU
		{678D86BD-E9EC-457D-949C-783AE63AAAB7}.DVD-5|x64.ActiveCfg = Debug|Any CPU
		{678D86BD-E9EC-457D-949C-783AE63AAAB7}.DVD-5|x64.Build.0 = Debug|Any CPU
		{678D86BD-E9EC-457D-949C-783AE63AAAB7}.DVD-5|x86.ActiveCfg = Debug|Any CPU
		{678D86BD-E9EC-457D-949C-783AE63AAAB7}.DVD-5|x86.Build.0 = Debug|Any CPU
		{678D86BD-E9EC-457D-949C-783AE63AAAB7}.Release|Any CPU.ActiveCfg = Release|Any CPU
		{678D86BD-E9EC-457D-949C-783AE63AAAB7}.Release|Any CPU.Build.0 = Release|Any CPU
		{678D86BD-E9EC-457D-949C-783AE63AAAB7}.Release|x64.ActiveCfg = Release|Any CPU
		{678D86BD-E9EC-457D-949C-783AE63AAAB7}.Release|x64.Build.0 = Release|Any CPU
		{678D86BD-E9EC-457D-949C-783AE63AAAB7}.Release|x86.ActiveCfg = Release|Any CPU
		{678D86BD-E9EC-457D-949C-783AE63AAAB7}.Release|x86.Build.0 = Release|Any CPU
		{678D86BD-E9EC-457D-949C-783AE63AAAB7}.SingleImage|Any CPU.ActiveCfg = Release|Any CPU
		{678D86BD-E9EC-457D-949C-783AE63AAAB7}.SingleImage|Any CPU.Build.0 = Release|Any CPU
		{678D86BD-E9EC-457D-949C-783AE63AAAB7}.SingleImage|x64.ActiveCfg = Release|Any CPU
		{678D86BD-E9EC-457D-949C-783AE63AAAB7}.SingleImage|x64.Build.0 = Release|Any CPU
		{678D86BD-E9EC-457D-949C-783AE63AAAB7}.SingleImage|x86.ActiveCfg = Release|Any CPU
		{678D86BD-E9EC-457D-949C-783AE63AAAB7}.SingleImage|x86.Build.0 = Release|Any CPU
		{DCDE4DD6-C495-408D-8951-5EA801AB48E9}.64Bits|Any CPU.ActiveCfg = Release|Any CPU
		{DCDE4DD6-C495-408D-8951-5EA801AB48E9}.64Bits|Any CPU.Build.0 = Release|Any CPU
		{DCDE4DD6-C495-408D-8951-5EA801AB48E9}.64Bits|x64.ActiveCfg = Release|Any CPU
		{DCDE4DD6-C495-408D-8951-5EA801AB48E9}.64Bits|x64.Build.0 = Release|Any CPU
		{DCDE4DD6-C495-408D-8951-5EA801AB48E9}.64Bits|x86.ActiveCfg = Release|Any CPU
		{DCDE4DD6-C495-408D-8951-5EA801AB48E9}.64Bits|x86.Build.0 = Release|Any CPU
		{DCDE4DD6-C495-408D-8951-5EA801AB48E9}.CD_ROM|Any CPU.ActiveCfg = Release|Any CPU
		{DCDE4DD6-C495-408D-8951-5EA801AB48E9}.CD_ROM|Any CPU.Build.0 = Release|Any CPU
		{DCDE4DD6-C495-408D-8951-5EA801AB48E9}.CD_ROM|x64.ActiveCfg = Release|Any CPU
		{DCDE4DD6-C495-408D-8951-5EA801AB48E9}.CD_ROM|x64.Build.0 = Release|Any CPU
		{DCDE4DD6-C495-408D-8951-5EA801AB48E9}.CD_ROM|x86.ActiveCfg = Release|Any CPU
		{DCDE4DD6-C495-408D-8951-5EA801AB48E9}.CD_ROM|x86.Build.0 = Release|Any CPU
		{DCDE4DD6-C495-408D-8951-5EA801AB48E9}.Debug|Any CPU.ActiveCfg = Debug|Any CPU
		{DCDE4DD6-C495-408D-8951-5EA801AB48E9}.Debug|Any CPU.Build.0 = Debug|Any CPU
		{DCDE4DD6-C495-408D-8951-5EA801AB48E9}.Debug|x64.ActiveCfg = Debug|Any CPU
		{DCDE4DD6-C495-408D-8951-5EA801AB48E9}.Debug|x64.Build.0 = Debug|Any CPU
		{DCDE4DD6-C495-408D-8951-5EA801AB48E9}.Debug|x86.ActiveCfg = Debug|Any CPU
		{DCDE4DD6-C495-408D-8951-5EA801AB48E9}.Debug|x86.Build.0 = Debug|Any CPU
		{DCDE4DD6-C495-408D-8951-5EA801AB48E9}.DVD-5|Any CPU.ActiveCfg = Debug|Any CPU
		{DCDE4DD6-C495-408D-8951-5EA801AB48E9}.DVD-5|Any CPU.Build.0 = Debug|Any CPU
		{DCDE4DD6-C495-408D-8951-5EA801AB48E9}.DVD-5|x64.ActiveCfg = Debug|Any CPU
		{DCDE4DD6-C495-408D-8951-5EA801AB48E9}.DVD-5|x64.Build.0 = Debug|Any CPU
		{DCDE4DD6-C495-408D-8951-5EA801AB48E9}.DVD-5|x86.ActiveCfg = Debug|Any CPU
		{DCDE4DD6-C495-408D-8951-5EA801AB48E9}.DVD-5|x86.Build.0 = Debug|Any CPU
		{DCDE4DD6-C495-408D-8951-5EA801AB48E9}.Release|Any CPU.ActiveCfg = Release|Any CPU
		{DCDE4DD6-C495-408D-8951-5EA801AB48E9}.Release|Any CPU.Build.0 = Release|Any CPU
		{DCDE4DD6-C495-408D-8951-5EA801AB48E9}.Release|x64.ActiveCfg = Release|Any CPU
		{DCDE4DD6-C495-408D-8951-5EA801AB48E9}.Release|x64.Build.0 = Release|Any CPU
		{DCDE4DD6-C495-408D-8951-5EA801AB48E9}.Release|x86.ActiveCfg = Release|Any CPU
		{DCDE4DD6-C495-408D-8951-5EA801AB48E9}.Release|x86.Build.0 = Release|Any CPU
		{DCDE4DD6-C495-408D-8951-5EA801AB48E9}.SingleImage|Any CPU.ActiveCfg = Release|Any CPU
		{DCDE4DD6-C495-408D-8951-5EA801AB48E9}.SingleImage|Any CPU.Build.0 = Release|Any CPU
		{DCDE4DD6-C495-408D-8951-5EA801AB48E9}.SingleImage|x64.ActiveCfg = Release|Any CPU
		{DCDE4DD6-C495-408D-8951-5EA801AB48E9}.SingleImage|x64.Build.0 = Release|Any CPU
		{DCDE4DD6-C495-408D-8951-5EA801AB48E9}.SingleImage|x86.ActiveCfg = Release|Any CPU
		{DCDE4DD6-C495-408D-8951-5EA801AB48E9}.SingleImage|x86.Build.0 = Release|Any CPU
		{A46A0E77-1F6A-4F66-9183-6C2CC2CCC2BA}.64Bits|Any CPU.ActiveCfg = Release|Any CPU
		{A46A0E77-1F6A-4F66-9183-6C2CC2CCC2BA}.64Bits|Any CPU.Build.0 = Release|Any CPU
		{A46A0E77-1F6A-4F66-9183-6C2CC2CCC2BA}.64Bits|x64.ActiveCfg = Release|Any CPU
		{A46A0E77-1F6A-4F66-9183-6C2CC2CCC2BA}.64Bits|x64.Build.0 = Release|Any CPU
		{A46A0E77-1F6A-4F66-9183-6C2CC2CCC2BA}.64Bits|x86.ActiveCfg = Release|Any CPU
		{A46A0E77-1F6A-4F66-9183-6C2CC2CCC2BA}.64Bits|x86.Build.0 = Release|Any CPU
		{A46A0E77-1F6A-4F66-9183-6C2CC2CCC2BA}.CD_ROM|Any CPU.ActiveCfg = Release|Any CPU
		{A46A0E77-1F6A-4F66-9183-6C2CC2CCC2BA}.CD_ROM|Any CPU.Build.0 = Release|Any CPU
		{A46A0E77-1F6A-4F66-9183-6C2CC2CCC2BA}.CD_ROM|x64.ActiveCfg = Release|Any CPU
		{A46A0E77-1F6A-4F66-9183-6C2CC2CCC2BA}.CD_ROM|x64.Build.0 = Release|Any CPU
		{A46A0E77-1F6A-4F66-9183-6C2CC2CCC2BA}.CD_ROM|x86.ActiveCfg = Release|Any CPU
		{A46A0E77-1F6A-4F66-9183-6C2CC2CCC2BA}.CD_ROM|x86.Build.0 = Release|Any CPU
		{A46A0E77-1F6A-4F66-9183-6C2CC2CCC2BA}.Debug|Any CPU.ActiveCfg = Debug|Any CPU
		{A46A0E77-1F6A-4F66-9183-6C2CC2CCC2BA}.Debug|Any CPU.Build.0 = Debug|Any CPU
		{A46A0E77-1F6A-4F66-9183-6C2CC2CCC2BA}.Debug|x64.ActiveCfg = Debug|Any CPU
		{A46A0E77-1F6A-4F66-9183-6C2CC2CCC2BA}.Debug|x64.Build.0 = Debug|Any CPU
		{A46A0E77-1F6A-4F66-9183-6C2CC2CCC2BA}.Debug|x86.ActiveCfg = Debug|Any CPU
		{A46A0E77-1F6A-4F66-9183-6C2CC2CCC2BA}.Debug|x86.Build.0 = Debug|Any CPU
		{A46A0E77-1F6A-4F66-9183-6C2CC2CCC2BA}.DVD-5|Any CPU.ActiveCfg = Debug|Any CPU
		{A46A0E77-1F6A-4F66-9183-6C2CC2CCC2BA}.DVD-5|Any CPU.Build.0 = Debug|Any CPU
		{A46A0E77-1F6A-4F66-9183-6C2CC2CCC2BA}.DVD-5|x64.ActiveCfg = Debug|Any CPU
		{A46A0E77-1F6A-4F66-9183-6C2CC2CCC2BA}.DVD-5|x64.Build.0 = Debug|Any CPU
		{A46A0E77-1F6A-4F66-9183-6C2CC2CCC2BA}.DVD-5|x86.ActiveCfg = Debug|Any CPU
		{A46A0E77-1F6A-4F66-9183-6C2CC2CCC2BA}.DVD-5|x86.Build.0 = Debug|Any CPU
		{A46A0E77-1F6A-4F66-9183-6C2CC2CCC2BA}.Release|Any CPU.ActiveCfg = Release|Any CPU
		{A46A0E77-1F6A-4F66-9183-6C2CC2CCC2BA}.Release|Any CPU.Build.0 = Release|Any CPU
		{A46A0E77-1F6A-4F66-9183-6C2CC2CCC2BA}.Release|x64.ActiveCfg = Release|Any CPU
		{A46A0E77-1F6A-4F66-9183-6C2CC2CCC2BA}.Release|x64.Build.0 = Release|Any CPU
		{A46A0E77-1F6A-4F66-9183-6C2CC2CCC2BA}.Release|x86.ActiveCfg = Release|Any CPU
		{A46A0E77-1F6A-4F66-9183-6C2CC2CCC2BA}.Release|x86.Build.0 = Release|Any CPU
		{A46A0E77-1F6A-4F66-9183-6C2CC2CCC2BA}.SingleImage|Any CPU.ActiveCfg = Release|Any CPU
		{A46A0E77-1F6A-4F66-9183-6C2CC2CCC2BA}.SingleImage|Any CPU.Build.0 = Release|Any CPU
		{A46A0E77-1F6A-4F66-9183-6C2CC2CCC2BA}.SingleImage|x64.ActiveCfg = Release|Any CPU
		{A46A0E77-1F6A-4F66-9183-6C2CC2CCC2BA}.SingleImage|x64.Build.0 = Release|Any CPU
		{A46A0E77-1F6A-4F66-9183-6C2CC2CCC2BA}.SingleImage|x86.ActiveCfg = Release|Any CPU
		{A46A0E77-1F6A-4F66-9183-6C2CC2CCC2BA}.SingleImage|x86.Build.0 = Release|Any CPU
	EndGlobalSection
	GlobalSection(SolutionProperties) = preSolution
		HideSolutionNode = FALSE
	EndGlobalSection
	GlobalSection(ExtensibilityGlobals) = postSolution
		SolutionGuid = {33443777-69C5-4FC5-A3CC-899C0DE33A2B}
	EndGlobalSection
EndGlobal
